{
  "version": 4,
  "terraform_version": "1.1.6",
  "serial": 109,
  "lineage": "aaf00536-dcd3-224c-ace4-a9758164a2b5",
  "outputs": {},
  "resources": [
    {
      "mode": "managed",
      "type": "azurerm_linux_virtual_machine",
      "name": "main",
      "provider": "provider[\"registry.terraform.io/hashicorp/azurerm\"]",
      "instances": [
        {
          "schema_version": 0,
          "attributes": {
            "additional_capabilities": [],
            "admin_password": null,
            "admin_ssh_key": [
              {
                "public_key": "ssh-rsa AAAAB3NzaC1yc2EAAAADAQABAAACAQC3NOeyqVsXPD0Rq5fv31x41tQ4/cTFlR/rFtqyAJGmlsVsodfZXl+d5P+PRZCgfszei9t4xa3O6MBcdPTdQIIeTyCKsOyOV0KPmxph8HK/5UA6RIOb3ZarB3hfTc8JcA7WZxUOpphMgG2BUSqcLf5+KpuBpbVSKRGe3WL2I4hJffRPm/JAkakOnPXruWs2ZHNhmZwN8zmuGRAzN4i/lv2QaCX2L2f1B9SadZx61B9x9zAvDcIpXnnhODQt8hwQZQo4vgoXscx3l7aEKpsgzqZrVH0tX1ZUnySRqATt+50fsjD/u4gM9g7tM2yPYwMs+mTzZ2Myzuet2OzwYBIa9lv78xHovtufWB2wKzn7COIqpCzm+38IDPGU72Y8K4OQigSs64HFXz0Iao4aLh9UGKmhJbJ6hL/9MKnakTmTtxSiC4/2AuIerXHk0jYY6HMqt7RL7pFcU5F9EEzDrKQF2RsUsU4Ua5IA1ux+Ns9Xo1F0yQ6nTowSt3A52mSdmKYLfPphGsXK6Fx+mDqnhxcV6ahS9BkYyYLzHbzAuMUunVwhqYN0jGCrjQJPeVFYu/tNSb6/2QiSuDNxicrXChCXH30f8u4Ku0GuqX+c/h9Zx1FsLdmCuJAfTtZ1KbrB3ZhkTioebG6lg+zUSZlSqAkytn5QWKEqa+SPUtcMjY+shRcVvQ==\n",
                "username": "azureuser"
              }
            ],
            "admin_username": "azureuser",
            "allow_extension_operations": true,
            "availability_set_id": "",
            "boot_diagnostics": [],
            "computer_name": "master",
            "custom_data": null,
            "dedicated_host_group_id": "",
            "dedicated_host_id": "",
            "disable_password_authentication": true,
            "encryption_at_host_enabled": false,
            "eviction_policy": "",
            "extensions_time_budget": "PT1H30M",
            "id": "/subscriptions/03989851-cb35-46f9-a49f-7ab8e8bb55c1/resourceGroups/temp/providers/Microsoft.Compute/virtualMachines/master",
            "identity": [],
            "license_type": "",
            "location": "brazilsouth",
            "max_bid_price": -1,
            "name": "master",
            "network_interface_ids": [
              "/subscriptions/03989851-cb35-46f9-a49f-7ab8e8bb55c1/resourceGroups/temp/providers/Microsoft.Network/networkInterfaces/master-nic"
            ],
            "os_disk": [
              {
                "caching": "ReadWrite",
                "diff_disk_settings": [],
                "disk_encryption_set_id": "",
                "disk_size_gb": 30,
                "name": "master_OsDisk_1_161f1a78d2b34faf8164bfe531e6fdf0",
                "storage_account_type": "Standard_LRS",
                "write_accelerator_enabled": false
              }
            ],
            "patch_mode": "ImageDefault",
            "plan": [],
            "platform_fault_domain": -1,
            "priority": "Regular",
            "private_ip_address": "10.0.1.4",
            "private_ip_addresses": [
              "10.0.1.4"
            ],
            "provision_vm_agent": true,
            "proximity_placement_group_id": "",
            "public_ip_address": "20.226.18.77",
            "public_ip_addresses": [
              "20.226.18.77"
            ],
            "resource_group_name": "temp",
            "secret": [],
            "secure_boot_enabled": false,
            "size": "Standard_DS1_v2",
            "source_image_id": "",
            "source_image_reference": [
              {
                "offer": "UbuntuServer",
                "publisher": "Canonical",
                "sku": "16.04-LTS",
                "version": "latest"
              }
            ],
            "tags": null,
            "timeouts": null,
            "user_data": "",
            "virtual_machine_id": "b11794ab-d065-4fba-962e-b0957a1bd047",
            "virtual_machine_scale_set_id": "",
            "vtpm_enabled": false,
            "zone": ""
          },
          "sensitive_attributes": [],
          "private": "eyJlMmJmYjczMC1lY2FhLTExZTYtOGY4OC0zNDM2M2JjN2M0YzAiOnsiY3JlYXRlIjoyNzAwMDAwMDAwMDAwLCJkZWxldGUiOjI3MDAwMDAwMDAwMDAsInJlYWQiOjMwMDAwMDAwMDAwMCwidXBkYXRlIjoyNzAwMDAwMDAwMDAwfX0=",
          "dependencies": [
            "azurerm_network_interface.default",
            "azurerm_network_interface_security_group_association.default",
            "azurerm_network_security_group.default",
            "azurerm_public_ip.default",
            "azurerm_resource_group.default",
            "azurerm_subnet.internal",
            "azurerm_virtual_network.default",
            "tls_private_key.key"
          ]
        }
      ]
    },
    {
      "mode": "managed",
      "type": "azurerm_network_interface",
      "name": "default",
      "provider": "provider[\"registry.terraform.io/hashicorp/azurerm\"]",
      "instances": [
        {
          "schema_version": 0,
          "attributes": {
            "applied_dns_servers": [],
            "dns_servers": [],
            "enable_accelerated_networking": false,
            "enable_ip_forwarding": false,
            "id": "/subscriptions/03989851-cb35-46f9-a49f-7ab8e8bb55c1/resourceGroups/temp/providers/Microsoft.Network/networkInterfaces/master-nic",
            "internal_dns_name_label": "",
            "internal_domain_name_suffix": "iv1b1jcnwsmupiu53qfo3t5yzc.nx.internal.cloudapp.net",
            "ip_configuration": [
              {
                "gateway_load_balancer_frontend_ip_configuration_id": "",
                "name": "master-ipconfig",
                "primary": true,
                "private_ip_address": "10.0.1.4",
                "private_ip_address_allocation": "Dynamic",
                "private_ip_address_version": "IPv4",
                "public_ip_address_id": "/subscriptions/03989851-cb35-46f9-a49f-7ab8e8bb55c1/resourceGroups/temp/providers/Microsoft.Network/publicIPAddresses/master-pip",
                "subnet_id": "/subscriptions/03989851-cb35-46f9-a49f-7ab8e8bb55c1/resourceGroups/temp/providers/Microsoft.Network/virtualNetworks/vnet-temp/subnets/internal"
              }
            ],
            "location": "brazilsouth",
            "mac_address": "",
            "name": "master-nic",
            "private_ip_address": "10.0.1.4",
            "private_ip_addresses": [
              "10.0.1.4"
            ],
            "resource_group_name": "temp",
            "tags": null,
            "timeouts": null,
            "virtual_machine_id": ""
          },
          "sensitive_attributes": [],
          "private": "eyJlMmJmYjczMC1lY2FhLTExZTYtOGY4OC0zNDM2M2JjN2M0YzAiOnsiY3JlYXRlIjoxODAwMDAwMDAwMDAwLCJkZWxldGUiOjE4MDAwMDAwMDAwMDAsInJlYWQiOjMwMDAwMDAwMDAwMCwidXBkYXRlIjoxODAwMDAwMDAwMDAwfX0=",
          "dependencies": [
            "azurerm_public_ip.default",
            "azurerm_resource_group.default",
            "azurerm_subnet.internal",
            "azurerm_virtual_network.default"
          ]
        }
      ]
    },
    {
      "mode": "managed",
      "type": "azurerm_network_interface_security_group_association",
      "name": "default",
      "provider": "provider[\"registry.terraform.io/hashicorp/azurerm\"]",
      "instances": [
        {
          "schema_version": 0,
          "attributes": {
            "id": "/subscriptions/03989851-cb35-46f9-a49f-7ab8e8bb55c1/resourceGroups/temp/providers/Microsoft.Network/networkInterfaces/master-nic|/subscriptions/03989851-cb35-46f9-a49f-7ab8e8bb55c1/resourceGroups/temp/providers/Microsoft.Network/networkSecurityGroups/master-nsg",
            "network_interface_id": "/subscriptions/03989851-cb35-46f9-a49f-7ab8e8bb55c1/resourceGroups/temp/providers/Microsoft.Network/networkInterfaces/master-nic",
            "network_security_group_id": "/subscriptions/03989851-cb35-46f9-a49f-7ab8e8bb55c1/resourceGroups/temp/providers/Microsoft.Network/networkSecurityGroups/master-nsg",
            "timeouts": null
          },
          "sensitive_attributes": [],
          "private": "eyJlMmJmYjczMC1lY2FhLTExZTYtOGY4OC0zNDM2M2JjN2M0YzAiOnsiY3JlYXRlIjoxODAwMDAwMDAwMDAwLCJkZWxldGUiOjE4MDAwMDAwMDAwMDAsInJlYWQiOjMwMDAwMDAwMDAwMCwidXBkYXRlIjoxODAwMDAwMDAwMDAwfX0=",
          "dependencies": [
            "azurerm_network_interface.default",
            "azurerm_network_security_group.default",
            "azurerm_public_ip.default",
            "azurerm_resource_group.default",
            "azurerm_subnet.internal",
            "azurerm_virtual_network.default"
          ]
        }
      ]
    },
    {
      "mode": "managed",
      "type": "azurerm_network_security_group",
      "name": "default",
      "provider": "provider[\"registry.terraform.io/hashicorp/azurerm\"]",
      "instances": [
        {
          "schema_version": 0,
          "attributes": {
            "id": "/subscriptions/03989851-cb35-46f9-a49f-7ab8e8bb55c1/resourceGroups/temp/providers/Microsoft.Network/networkSecurityGroups/master-nsg",
            "location": "brazilsouth",
            "name": "master-nsg",
            "resource_group_name": "temp",
            "security_rule": [
              {
                "access": "Allow",
                "description": "",
                "destination_address_prefix": "*",
                "destination_address_prefixes": [],
                "destination_application_security_group_ids": [],
                "destination_port_range": "22",
                "destination_port_ranges": [],
                "direction": "Inbound",
                "name": "SSH",
                "priority": 200,
                "protocol": "Tcp",
                "source_address_prefix": "*",
                "source_address_prefixes": [],
                "source_application_security_group_ids": [],
                "source_port_range": "*",
                "source_port_ranges": []
              }
            ],
            "tags": null,
            "timeouts": null
          },
          "sensitive_attributes": [],
          "private": "eyJlMmJmYjczMC1lY2FhLTExZTYtOGY4OC0zNDM2M2JjN2M0YzAiOnsiY3JlYXRlIjoxODAwMDAwMDAwMDAwLCJkZWxldGUiOjE4MDAwMDAwMDAwMDAsInJlYWQiOjMwMDAwMDAwMDAwMCwidXBkYXRlIjoxODAwMDAwMDAwMDAwfX0=",
          "dependencies": [
            "azurerm_resource_group.default"
          ]
        }
      ]
    },
    {
      "mode": "managed",
      "type": "azurerm_public_ip",
      "name": "default",
      "provider": "provider[\"registry.terraform.io/hashicorp/azurerm\"]",
      "instances": [
        {
          "schema_version": 0,
          "attributes": {
            "allocation_method": "Static",
            "availability_zone": "No-Zone",
            "domain_name_label": null,
            "fqdn": null,
            "id": "/subscriptions/03989851-cb35-46f9-a49f-7ab8e8bb55c1/resourceGroups/temp/providers/Microsoft.Network/publicIPAddresses/master-pip",
            "idle_timeout_in_minutes": 4,
            "ip_address": "20.226.18.77",
            "ip_tags": null,
            "ip_version": "IPv4",
            "location": "brazilsouth",
            "name": "master-pip",
            "public_ip_prefix_id": null,
            "resource_group_name": "temp",
            "reverse_fqdn": null,
            "sku": "Basic",
            "sku_tier": "Regional",
            "tags": null,
            "timeouts": null,
            "zones": []
          },
          "sensitive_attributes": [],
          "private": "eyJlMmJmYjczMC1lY2FhLTExZTYtOGY4OC0zNDM2M2JjN2M0YzAiOnsiY3JlYXRlIjoxODAwMDAwMDAwMDAwLCJkZWxldGUiOjE4MDAwMDAwMDAwMDAsInJlYWQiOjMwMDAwMDAwMDAwMCwidXBkYXRlIjoxODAwMDAwMDAwMDAwfX0=",
          "dependencies": [
            "azurerm_resource_group.default"
          ]
        }
      ]
    },
    {
      "mode": "managed",
      "type": "azurerm_resource_group",
      "name": "default",
      "provider": "provider[\"registry.terraform.io/hashicorp/azurerm\"]",
      "instances": [
        {
          "schema_version": 0,
          "attributes": {
            "id": "/subscriptions/03989851-cb35-46f9-a49f-7ab8e8bb55c1/resourceGroups/temp",
            "location": "brazilsouth",
            "name": "temp",
            "tags": {
              "environment": "dev",
              "source": "Terraform"
            },
            "timeouts": null
          },
          "sensitive_attributes": [],
          "private": "eyJlMmJmYjczMC1lY2FhLTExZTYtOGY4OC0zNDM2M2JjN2M0YzAiOnsiY3JlYXRlIjo1NDAwMDAwMDAwMDAwLCJkZWxldGUiOjU0MDAwMDAwMDAwMDAsInJlYWQiOjMwMDAwMDAwMDAwMCwidXBkYXRlIjo1NDAwMDAwMDAwMDAwfX0="
        }
      ]
    },
    {
      "mode": "managed",
      "type": "azurerm_subnet",
      "name": "internal",
      "provider": "provider[\"registry.terraform.io/hashicorp/azurerm\"]",
      "instances": [
        {
          "schema_version": 0,
          "attributes": {
            "address_prefix": "10.0.1.0/24",
            "address_prefixes": [
              "10.0.1.0/24"
            ],
            "delegation": [],
            "enforce_private_link_endpoint_network_policies": false,
            "enforce_private_link_service_network_policies": false,
            "id": "/subscriptions/03989851-cb35-46f9-a49f-7ab8e8bb55c1/resourceGroups/temp/providers/Microsoft.Network/virtualNetworks/vnet-temp/subnets/internal",
            "name": "internal",
            "resource_group_name": "temp",
            "service_endpoint_policy_ids": null,
            "service_endpoints": null,
            "timeouts": null,
            "virtual_network_name": "vnet-temp"
          },
          "sensitive_attributes": [],
          "private": "eyJlMmJmYjczMC1lY2FhLTExZTYtOGY4OC0zNDM2M2JjN2M0YzAiOnsiY3JlYXRlIjoxODAwMDAwMDAwMDAwLCJkZWxldGUiOjE4MDAwMDAwMDAwMDAsInJlYWQiOjMwMDAwMDAwMDAwMCwidXBkYXRlIjoxODAwMDAwMDAwMDAwfX0=",
          "dependencies": [
            "azurerm_resource_group.default",
            "azurerm_virtual_network.default"
          ]
        }
      ]
    },
    {
      "mode": "managed",
      "type": "azurerm_virtual_network",
      "name": "default",
      "provider": "provider[\"registry.terraform.io/hashicorp/azurerm\"]",
      "instances": [
        {
          "schema_version": 0,
          "attributes": {
            "address_space": [
              "10.0.0.0/16"
            ],
            "bgp_community": "",
            "ddos_protection_plan": [],
            "dns_servers": [],
            "flow_timeout_in_minutes": 0,
            "guid": "a41d7645-b44d-4799-a29f-ec0aeecff8ca",
            "id": "/subscriptions/03989851-cb35-46f9-a49f-7ab8e8bb55c1/resourceGroups/temp/providers/Microsoft.Network/virtualNetworks/vnet-temp",
            "location": "brazilsouth",
            "name": "vnet-temp",
            "resource_group_name": "temp",
            "subnet": [],
            "tags": null,
            "timeouts": null,
            "vm_protection_enabled": false
          },
          "sensitive_attributes": [],
          "private": "eyJlMmJmYjczMC1lY2FhLTExZTYtOGY4OC0zNDM2M2JjN2M0YzAiOnsiY3JlYXRlIjoxODAwMDAwMDAwMDAwLCJkZWxldGUiOjE4MDAwMDAwMDAwMDAsInJlYWQiOjMwMDAwMDAwMDAwMCwidXBkYXRlIjoxODAwMDAwMDAwMDAwfX0=",
          "dependencies": [
            "azurerm_resource_group.default"
          ]
        }
      ]
    },
    {
      "mode": "managed",
      "type": "local_file",
      "name": "azure_key",
      "provider": "provider[\"registry.terraform.io/hashicorp/local\"]",
      "instances": [
        {
          "schema_version": 0,
          "attributes": {
            "content": "-----BEGIN RSA PRIVATE KEY-----\nMIIJKQIBAAKCAgEAtzTnsqlbFzw9EauX799ceNbUOP3ExZUf6xbasgCRppbFbKHX\n2V5fneT/j0WQoH7M3ovbeMWtzujAXHT03UCCHk8girDsjldCj5saYfByv+VAOkSD\nm92Wqwd4X03PCXAO1mcVDqaYTIBtgVEqnC3+fiqbgaW1UikRnt1i9iOISX30T5vy\nQJGpDpz167lrNmRzYZmcDfM5rhkQMzeIv5b9kGgl9i9n9QfUmnWcetQfcfcwLw3C\nKV554Tg0LfIcEGUKOL4KF7HMd5e2hCqbIM6ma1R9LV9WVJ8kkagE7fudH7Iw/7uI\nDPYO7TNsj2MDLPpk82djMs7nrdjs8GASGvZb+/MR6L7bn1gdsCs5+wjiKqQs5vt/\nCAzxlO9mPCuDkIoErOuBxV89CGqOGi4fVBipoSWyeoS//TCp2pE5k7cUoguP9gLi\nHq1x5NI2GOhzKre0S+6RXFORfRBMw6ykBdkbFLFOFGuSANbsfjbPV6NRdMkOp06M\nErdwOdpknZimC3z6YRrFyuhcfpg6p4cXFemoUvQZGMmC8x28wLjFLp1cIamDdIxg\nq40CT3lRWLv7TUm+v9kIkrgzcYnK1woQlx99H/LuCrtBrql/nP4fWcdRbC3ZgriQ\nH07WdSm6wd2YZE4qHmxupYPs1EmZUqgJMrZ+UFihKmvkj1LXDI2PrIUXFb0CAwEA\nAQKCAgEArLiKABw+LqeyA2i8836nFZ2jsp881fIDh4WiZNK4flACjKoAb4PTrW5p\nqU8yTL1+tAkyvqfPdxRj1kbFW5onkh+TVG38dy25KN5XfyJLbLLbXJOfaGD+XPvL\n9j3LBODKfEPuzEMvrmAd3R8Chv+twJC2zwHE8lKZtCaP1/Ij2PWQUUV6nHk24voD\nt1q1wy/sv4UsZNJ7/LDQXxjqKYZWQ8CMmY6T+aSKQZzEC+DUTIN4v8O+23Wgfj6Y\nowBwiNxZSKmRpkkPtWgowG3Slpl8uA+NfCs3nsvylAfNrffbaDh8jXzlhSKta99h\nZ8U3Bz6B0iAUm6AJOBMdPnm0WAsPJ97WTXmVCc7EF5b0m8/FkqvLU+7OiYLI4Uk6\nzmmqHUAO2O+3oii9O2NcM/QVYpbf23UtpTR4AHrXT1lvarkitlffE3XE6hLRR+ij\noSFwB63jbzOU2U74breeJZUNZxnUiLEGQxj/KtvrlviT0QEKDzrzjCwbNZ1cHfZU\n1clthdViLvWprax0MYIpjqXXCWXu2NTMIohefqB2uP5c63xlcmI3Ijf4RUpsflQ/\nw+ntow5UuVgTTpeHI2fMPzzaCtO+1Q0snKp0pewDjkEFLUVOmGZppJFGazDkLV6U\naKsZ3INqXSQqu/O5bBz838Rl2ePFQrcw8w8L/vBD3Rgcy5e64lkCggEBANxir6lT\nYLtMni9HguJkC1rQrPxCCYUGlyl7AQ0PcyuzYoCTxbg3ZtWB2a8qLrEWPiYu6SKe\nDkIzG851NUh31wzGmK8IHyHKxzUEKu3WXaI81tr9cyxST8vZMNXnwy/d/JhmYW+G\nCPhXj/UPj5ptIPoO44f/Oju2kC1yTikFgol8S599gIcbJ0tU+zCeCwWytnLuhxOV\nsiyQvAdxIpmUcafHX9+tuX/0NE5ihiLa3OnInu7J/s7Wm7qRrucT0JyIoG4KBk7k\nclVwSfuTa0Y19YhVwXBexcfynMbM8v3ZLde9OrF7ykqLCLxPetQAwnEQoWF7zPSD\nMytdIQunJYajrlcCggEBANTQIuazvmsr8troSkYXn2JtbCn4fLCg8xuT6FMt8H7T\nYyJtYb17PCrjmbNhvXa/LA2fHpZw97Y9W/SuyixL7w5xR7IivT642Jx+GgKHnaJ+\nKB9NnptxiUQIlnahfmtfNUsE1aaX8nyl6AhpEkm7DOU4f7f33F4NQvGjwq+YQFkP\n5yjkyXjStLTKfVR8Po3G7ewrAtrOdNAJSGpFP2DcPDf003h1NGIE6cBQ9gIjIMgT\ndvf/Y6FHLaLO5H8QRFqPGWLK3i8nR5QzaV1v56pzNDMqsbMDGZLCV1fkWytYD9mH\nvo3YR8+MG4ZbUQg1GB6EjXokmgiZiyvyni9GLRkXKAsCggEAQr2kIuw8JBys3vaS\nHYtcoPEHIhHBnkaDqq00gUcHgtl9YCDgRMyKWOhNCy4EG973jUqxkak5+jROHHUE\nYODiAF14SbF09B/buiN7+LDthD9WddVBds+qmLo6ft0EEE/yuhhvM33s44Bo+Tbw\nLz0TOocdwsa5VPIRsaGnJ+ciRA6fPDqenMvNV5PxyiRihCQ9+opf3796yOI//yT0\n7Hu2+692Sl/rCGPlH0PZCV8sfaQi9X+4qdz2JkcOJ66pg24g35IrnOKz+UnbLdPU\nLdwTcmk9/pDE5quDbPUONW/64RXOW4d4mKCIUbbkJKXiPKljpgj+5aGB8oTuh//j\nbmXNWwKCAQAfi/cQgeahVnN6teKEv222FohpNFevizxegy92XSIAeu+AI/zQLNt/\ndBvNtphyaOZr4oGTRY3C6xedjueTZ3I5jttU8cdh697YW+0ZIOdiNhdWhJgVbOAv\nQKKlVU07N3Lb+wx81JtylNlvnbvDSEIiHJz6NXjqTEb3MRJkG0q2qR/YNQoUqg91\nmWq4wm43cBzG3J1guCgiyq18a2V4w0z98oICokUwno/UHWxKZtCuOAxzuN0ZBEck\nkkzW9R9c2UenGHGVRdpbgr+ExVjvMIK1bwfGhJge5EY0VjqZk0VONswtlLkYcCmI\nYjMB53T62SVrzM80pSY3TpDaaym2RXN/AoIBAQCf2XM+tbdWZQS8BQ4fCYOvByld\nBV9AK2P77LKRobJP3o4T65bpnia3lvP8Oe5g63B6kCL04erz9B2OIQKWtLYTtHD/\n5cWsf3baruBtH5GVpEsj+HWy/tY+VNzp+b15DXkl/e8IsGbn2kyaYdfwcJU8wny4\nwNbF5ElPXBoufCrGbreBT0qrgBG31kG0/qQ01oQ9kW/oTHLNHzZ6d5oLAUAH1jFM\nXwnEruHPIXecjufrC2gYGUsJu+IfJPPbWn7kVVyhpIdCD7+opMH7DqipiuBw9aW6\nlaySFrZfdtvhnrC0btbCaeuo6RC864JqsMsq53wd0DLURUe70m5QLBCM5dU8\n-----END RSA PRIVATE KEY-----\n",
            "content_base64": null,
            "directory_permission": "0777",
            "file_permission": "0777",
            "filename": "azure_key.pem",
            "id": "66392b8dbc7efaa653f6ccd27250c25d230f4d45",
            "sensitive_content": null,
            "source": null
          },
          "sensitive_attributes": [
            [
              {
                "type": "get_attr",
                "value": "content"
              }
            ]
          ],
          "private": "bnVsbA==",
          "dependencies": [
            "tls_private_key.key"
          ]
        }
      ]
    },
    {
      "mode": "managed",
      "type": "tls_private_key",
      "name": "key",
      "provider": "provider[\"registry.terraform.io/hashicorp/tls\"]",
      "instances": [
        {
          "schema_version": 0,
          "attributes": {
            "algorithm": "RSA",
            "ecdsa_curve": "P224",
            "id": "d74e303e195e3996bc4dd034c453da9e65753e33",
            "private_key_pem": "-----BEGIN RSA PRIVATE KEY-----\nMIIJKQIBAAKCAgEAtzTnsqlbFzw9EauX799ceNbUOP3ExZUf6xbasgCRppbFbKHX\n2V5fneT/j0WQoH7M3ovbeMWtzujAXHT03UCCHk8girDsjldCj5saYfByv+VAOkSD\nm92Wqwd4X03PCXAO1mcVDqaYTIBtgVEqnC3+fiqbgaW1UikRnt1i9iOISX30T5vy\nQJGpDpz167lrNmRzYZmcDfM5rhkQMzeIv5b9kGgl9i9n9QfUmnWcetQfcfcwLw3C\nKV554Tg0LfIcEGUKOL4KF7HMd5e2hCqbIM6ma1R9LV9WVJ8kkagE7fudH7Iw/7uI\nDPYO7TNsj2MDLPpk82djMs7nrdjs8GASGvZb+/MR6L7bn1gdsCs5+wjiKqQs5vt/\nCAzxlO9mPCuDkIoErOuBxV89CGqOGi4fVBipoSWyeoS//TCp2pE5k7cUoguP9gLi\nHq1x5NI2GOhzKre0S+6RXFORfRBMw6ykBdkbFLFOFGuSANbsfjbPV6NRdMkOp06M\nErdwOdpknZimC3z6YRrFyuhcfpg6p4cXFemoUvQZGMmC8x28wLjFLp1cIamDdIxg\nq40CT3lRWLv7TUm+v9kIkrgzcYnK1woQlx99H/LuCrtBrql/nP4fWcdRbC3ZgriQ\nH07WdSm6wd2YZE4qHmxupYPs1EmZUqgJMrZ+UFihKmvkj1LXDI2PrIUXFb0CAwEA\nAQKCAgEArLiKABw+LqeyA2i8836nFZ2jsp881fIDh4WiZNK4flACjKoAb4PTrW5p\nqU8yTL1+tAkyvqfPdxRj1kbFW5onkh+TVG38dy25KN5XfyJLbLLbXJOfaGD+XPvL\n9j3LBODKfEPuzEMvrmAd3R8Chv+twJC2zwHE8lKZtCaP1/Ij2PWQUUV6nHk24voD\nt1q1wy/sv4UsZNJ7/LDQXxjqKYZWQ8CMmY6T+aSKQZzEC+DUTIN4v8O+23Wgfj6Y\nowBwiNxZSKmRpkkPtWgowG3Slpl8uA+NfCs3nsvylAfNrffbaDh8jXzlhSKta99h\nZ8U3Bz6B0iAUm6AJOBMdPnm0WAsPJ97WTXmVCc7EF5b0m8/FkqvLU+7OiYLI4Uk6\nzmmqHUAO2O+3oii9O2NcM/QVYpbf23UtpTR4AHrXT1lvarkitlffE3XE6hLRR+ij\noSFwB63jbzOU2U74breeJZUNZxnUiLEGQxj/KtvrlviT0QEKDzrzjCwbNZ1cHfZU\n1clthdViLvWprax0MYIpjqXXCWXu2NTMIohefqB2uP5c63xlcmI3Ijf4RUpsflQ/\nw+ntow5UuVgTTpeHI2fMPzzaCtO+1Q0snKp0pewDjkEFLUVOmGZppJFGazDkLV6U\naKsZ3INqXSQqu/O5bBz838Rl2ePFQrcw8w8L/vBD3Rgcy5e64lkCggEBANxir6lT\nYLtMni9HguJkC1rQrPxCCYUGlyl7AQ0PcyuzYoCTxbg3ZtWB2a8qLrEWPiYu6SKe\nDkIzG851NUh31wzGmK8IHyHKxzUEKu3WXaI81tr9cyxST8vZMNXnwy/d/JhmYW+G\nCPhXj/UPj5ptIPoO44f/Oju2kC1yTikFgol8S599gIcbJ0tU+zCeCwWytnLuhxOV\nsiyQvAdxIpmUcafHX9+tuX/0NE5ihiLa3OnInu7J/s7Wm7qRrucT0JyIoG4KBk7k\nclVwSfuTa0Y19YhVwXBexcfynMbM8v3ZLde9OrF7ykqLCLxPetQAwnEQoWF7zPSD\nMytdIQunJYajrlcCggEBANTQIuazvmsr8troSkYXn2JtbCn4fLCg8xuT6FMt8H7T\nYyJtYb17PCrjmbNhvXa/LA2fHpZw97Y9W/SuyixL7w5xR7IivT642Jx+GgKHnaJ+\nKB9NnptxiUQIlnahfmtfNUsE1aaX8nyl6AhpEkm7DOU4f7f33F4NQvGjwq+YQFkP\n5yjkyXjStLTKfVR8Po3G7ewrAtrOdNAJSGpFP2DcPDf003h1NGIE6cBQ9gIjIMgT\ndvf/Y6FHLaLO5H8QRFqPGWLK3i8nR5QzaV1v56pzNDMqsbMDGZLCV1fkWytYD9mH\nvo3YR8+MG4ZbUQg1GB6EjXokmgiZiyvyni9GLRkXKAsCggEAQr2kIuw8JBys3vaS\nHYtcoPEHIhHBnkaDqq00gUcHgtl9YCDgRMyKWOhNCy4EG973jUqxkak5+jROHHUE\nYODiAF14SbF09B/buiN7+LDthD9WddVBds+qmLo6ft0EEE/yuhhvM33s44Bo+Tbw\nLz0TOocdwsa5VPIRsaGnJ+ciRA6fPDqenMvNV5PxyiRihCQ9+opf3796yOI//yT0\n7Hu2+692Sl/rCGPlH0PZCV8sfaQi9X+4qdz2JkcOJ66pg24g35IrnOKz+UnbLdPU\nLdwTcmk9/pDE5quDbPUONW/64RXOW4d4mKCIUbbkJKXiPKljpgj+5aGB8oTuh//j\nbmXNWwKCAQAfi/cQgeahVnN6teKEv222FohpNFevizxegy92XSIAeu+AI/zQLNt/\ndBvNtphyaOZr4oGTRY3C6xedjueTZ3I5jttU8cdh697YW+0ZIOdiNhdWhJgVbOAv\nQKKlVU07N3Lb+wx81JtylNlvnbvDSEIiHJz6NXjqTEb3MRJkG0q2qR/YNQoUqg91\nmWq4wm43cBzG3J1guCgiyq18a2V4w0z98oICokUwno/UHWxKZtCuOAxzuN0ZBEck\nkkzW9R9c2UenGHGVRdpbgr+ExVjvMIK1bwfGhJge5EY0VjqZk0VONswtlLkYcCmI\nYjMB53T62SVrzM80pSY3TpDaaym2RXN/AoIBAQCf2XM+tbdWZQS8BQ4fCYOvByld\nBV9AK2P77LKRobJP3o4T65bpnia3lvP8Oe5g63B6kCL04erz9B2OIQKWtLYTtHD/\n5cWsf3baruBtH5GVpEsj+HWy/tY+VNzp+b15DXkl/e8IsGbn2kyaYdfwcJU8wny4\nwNbF5ElPXBoufCrGbreBT0qrgBG31kG0/qQ01oQ9kW/oTHLNHzZ6d5oLAUAH1jFM\nXwnEruHPIXecjufrC2gYGUsJu+IfJPPbWn7kVVyhpIdCD7+opMH7DqipiuBw9aW6\nlaySFrZfdtvhnrC0btbCaeuo6RC864JqsMsq53wd0DLURUe70m5QLBCM5dU8\n-----END RSA PRIVATE KEY-----\n",
            "public_key_fingerprint_md5": "62:69:25:a8:3e:e6:e9:23:f6:1a:6a:26:a7:33:77:f3",
            "public_key_openssh": "ssh-rsa AAAAB3NzaC1yc2EAAAADAQABAAACAQC3NOeyqVsXPD0Rq5fv31x41tQ4/cTFlR/rFtqyAJGmlsVsodfZXl+d5P+PRZCgfszei9t4xa3O6MBcdPTdQIIeTyCKsOyOV0KPmxph8HK/5UA6RIOb3ZarB3hfTc8JcA7WZxUOpphMgG2BUSqcLf5+KpuBpbVSKRGe3WL2I4hJffRPm/JAkakOnPXruWs2ZHNhmZwN8zmuGRAzN4i/lv2QaCX2L2f1B9SadZx61B9x9zAvDcIpXnnhODQt8hwQZQo4vgoXscx3l7aEKpsgzqZrVH0tX1ZUnySRqATt+50fsjD/u4gM9g7tM2yPYwMs+mTzZ2Myzuet2OzwYBIa9lv78xHovtufWB2wKzn7COIqpCzm+38IDPGU72Y8K4OQigSs64HFXz0Iao4aLh9UGKmhJbJ6hL/9MKnakTmTtxSiC4/2AuIerXHk0jYY6HMqt7RL7pFcU5F9EEzDrKQF2RsUsU4Ua5IA1ux+Ns9Xo1F0yQ6nTowSt3A52mSdmKYLfPphGsXK6Fx+mDqnhxcV6ahS9BkYyYLzHbzAuMUunVwhqYN0jGCrjQJPeVFYu/tNSb6/2QiSuDNxicrXChCXH30f8u4Ku0GuqX+c/h9Zx1FsLdmCuJAfTtZ1KbrB3ZhkTioebG6lg+zUSZlSqAkytn5QWKEqa+SPUtcMjY+shRcVvQ==\n",
            "public_key_pem": "-----BEGIN PUBLIC KEY-----\nMIICIjANBgkqhkiG9w0BAQEFAAOCAg8AMIICCgKCAgEAtzTnsqlbFzw9EauX799c\neNbUOP3ExZUf6xbasgCRppbFbKHX2V5fneT/j0WQoH7M3ovbeMWtzujAXHT03UCC\nHk8girDsjldCj5saYfByv+VAOkSDm92Wqwd4X03PCXAO1mcVDqaYTIBtgVEqnC3+\nfiqbgaW1UikRnt1i9iOISX30T5vyQJGpDpz167lrNmRzYZmcDfM5rhkQMzeIv5b9\nkGgl9i9n9QfUmnWcetQfcfcwLw3CKV554Tg0LfIcEGUKOL4KF7HMd5e2hCqbIM6m\na1R9LV9WVJ8kkagE7fudH7Iw/7uIDPYO7TNsj2MDLPpk82djMs7nrdjs8GASGvZb\n+/MR6L7bn1gdsCs5+wjiKqQs5vt/CAzxlO9mPCuDkIoErOuBxV89CGqOGi4fVBip\noSWyeoS//TCp2pE5k7cUoguP9gLiHq1x5NI2GOhzKre0S+6RXFORfRBMw6ykBdkb\nFLFOFGuSANbsfjbPV6NRdMkOp06MErdwOdpknZimC3z6YRrFyuhcfpg6p4cXFemo\nUvQZGMmC8x28wLjFLp1cIamDdIxgq40CT3lRWLv7TUm+v9kIkrgzcYnK1woQlx99\nH/LuCrtBrql/nP4fWcdRbC3ZgriQH07WdSm6wd2YZE4qHmxupYPs1EmZUqgJMrZ+\nUFihKmvkj1LXDI2PrIUXFb0CAwEAAQ==\n-----END PUBLIC KEY-----\n",
            "rsa_bits": 4096
          },
          "sensitive_attributes": [],
          "private": "bnVsbA=="
        }
      ]
    }
  ]
}
