{
  "version": 4,
  "terraform_version": "1.1.6",
  "serial": 352,
  "lineage": "aaf00536-dcd3-224c-ace4-a9758164a2b5",
  "outputs": {},
  "resources": [
    {
      "mode": "managed",
      "type": "azurerm_linux_virtual_machine",
      "name": "main",
      "provider": "provider[\"registry.terraform.io/hashicorp/azurerm\"]",
      "instances": [
        {
          "index_key": 0,
          "schema_version": 0,
          "attributes": {
            "additional_capabilities": [],
            "admin_password": null,
            "admin_ssh_key": [
              {
                "public_key": "ssh-rsa AAAAB3NzaC1yc2EAAAADAQABAAACAQCu/Ne5Bfo6zs2CSs4GS6dD2nl7QWGCzaPsoI7/njYrx3p4bvH5Dnhm0WN0M3kh5Kh53TtdERRZLvFh6rwqffFdQCsm0ng2kafa7gx3/ANO0Cy1ObMM88/gU9R4sYm9fewLsigtAQ1Vh5TWEXB0HaGEn3XThNIdvdJL5ID5y/uEWJXusZsOhQg6+Y/UJiwCXxCKlbnBdqfBcCkuAhioitHtBlZloEnWGp85xSbD0Fxt48bPO0IYLq7Boy3UGVRoeIfusCtXsW69qa7mtlQFSiEcBFbf/UHgCklMrIxXjxnEj0iooHWJ3A5ygm9E1c52ut0fHTNVcOq9/ETktmX0t1wCv9eyGOsOStpyiVsHIqRY65YT32ihjBAB1Y40LafcmX4BxRz/sNfnOb7b3+uvCrotEgViKh88wi8Vl7kKTtOav1FVmzm587J+4lfCrxqc/TwfkJgN4QhCuTJ4o5LpJqU2oX8j5gqvzk9hUBVjZy2ZKZE3YgvPcJn+yUfGnPsnuGXwgMQBQd6AZstjXvUpFRJvPUF4aPuTf90Y1HqfTIwHBMGZQps8HwQldrizq2EBmI85rWHYMpP/7UHlyv+KmEThXxIp2XIG8ld39hvff/uynZtVUqgle5eUWARC93J7MUh8YYamd7rcmQaQnZXBJRt3XVfpyDPfZAc2RdUJqGXArw==\n",
                "username": "azureuser"
              }
            ],
            "admin_username": "azureuser",
            "allow_extension_operations": true,
            "availability_set_id": "",
            "boot_diagnostics": [],
            "computer_name": "vm0",
            "custom_data": null,
            "dedicated_host_group_id": "",
            "dedicated_host_id": "",
            "disable_password_authentication": true,
            "encryption_at_host_enabled": false,
            "eviction_policy": "",
            "extensions_time_budget": "PT1H30M",
            "id": "/subscriptions/03989851-cb35-46f9-a49f-7ab8e8bb55c1/resourceGroups/temp/providers/Microsoft.Compute/virtualMachines/vm0",
            "identity": [],
            "license_type": "",
            "location": "brazilsouth",
            "max_bid_price": -1,
            "name": "vm0",
            "network_interface_ids": [
              "/subscriptions/03989851-cb35-46f9-a49f-7ab8e8bb55c1/resourceGroups/temp/providers/Microsoft.Network/networkInterfaces/vm0-NIC"
            ],
            "os_disk": [
              {
                "caching": "ReadWrite",
                "diff_disk_settings": [],
                "disk_encryption_set_id": "",
                "disk_size_gb": 30,
                "name": "vm0_OsDisk_1_6aa0025b729046ec8c7499f05722c56b",
                "storage_account_type": "Standard_LRS",
                "write_accelerator_enabled": false
              }
            ],
            "patch_mode": "ImageDefault",
            "plan": [],
            "platform_fault_domain": -1,
            "priority": "Regular",
            "private_ip_address": "10.0.1.5",
            "private_ip_addresses": [
              "10.0.1.5"
            ],
            "provision_vm_agent": true,
            "proximity_placement_group_id": "",
            "public_ip_address": "20.226.20.209",
            "public_ip_addresses": [
              "20.226.20.209"
            ],
            "resource_group_name": "temp",
            "secret": [],
            "secure_boot_enabled": false,
            "size": "Standard_DS1_v2",
            "source_image_id": "",
            "source_image_reference": [
              {
                "offer": "0001-com-ubuntu-server-focal",
                "publisher": "Canonical",
                "sku": "20_04-lts-gen2",
                "version": "latest"
              }
            ],
            "tags": null,
            "timeouts": null,
            "user_data": "",
            "virtual_machine_id": "7d105301-d239-41fa-803c-54a945e602ce",
            "virtual_machine_scale_set_id": "",
            "vtpm_enabled": false,
            "zone": ""
          },
          "sensitive_attributes": [],
          "private": "eyJlMmJmYjczMC1lY2FhLTExZTYtOGY4OC0zNDM2M2JjN2M0YzAiOnsiY3JlYXRlIjoyNzAwMDAwMDAwMDAwLCJkZWxldGUiOjI3MDAwMDAwMDAwMDAsInJlYWQiOjMwMDAwMDAwMDAwMCwidXBkYXRlIjoyNzAwMDAwMDAwMDAwfX0=",
          "dependencies": [
            "azurerm_network_interface.default",
            "azurerm_network_interface_security_group_association.default",
            "azurerm_network_security_group.default",
            "azurerm_public_ip.default",
            "azurerm_resource_group.default",
            "azurerm_subnet.internal",
            "azurerm_virtual_network.default",
            "tls_private_key.key"
          ]
        },
        {
          "index_key": 1,
          "schema_version": 0,
          "attributes": {
            "additional_capabilities": [],
            "admin_password": null,
            "admin_ssh_key": [
              {
                "public_key": "ssh-rsa AAAAB3NzaC1yc2EAAAADAQABAAACAQCu/Ne5Bfo6zs2CSs4GS6dD2nl7QWGCzaPsoI7/njYrx3p4bvH5Dnhm0WN0M3kh5Kh53TtdERRZLvFh6rwqffFdQCsm0ng2kafa7gx3/ANO0Cy1ObMM88/gU9R4sYm9fewLsigtAQ1Vh5TWEXB0HaGEn3XThNIdvdJL5ID5y/uEWJXusZsOhQg6+Y/UJiwCXxCKlbnBdqfBcCkuAhioitHtBlZloEnWGp85xSbD0Fxt48bPO0IYLq7Boy3UGVRoeIfusCtXsW69qa7mtlQFSiEcBFbf/UHgCklMrIxXjxnEj0iooHWJ3A5ygm9E1c52ut0fHTNVcOq9/ETktmX0t1wCv9eyGOsOStpyiVsHIqRY65YT32ihjBAB1Y40LafcmX4BxRz/sNfnOb7b3+uvCrotEgViKh88wi8Vl7kKTtOav1FVmzm587J+4lfCrxqc/TwfkJgN4QhCuTJ4o5LpJqU2oX8j5gqvzk9hUBVjZy2ZKZE3YgvPcJn+yUfGnPsnuGXwgMQBQd6AZstjXvUpFRJvPUF4aPuTf90Y1HqfTIwHBMGZQps8HwQldrizq2EBmI85rWHYMpP/7UHlyv+KmEThXxIp2XIG8ld39hvff/uynZtVUqgle5eUWARC93J7MUh8YYamd7rcmQaQnZXBJRt3XVfpyDPfZAc2RdUJqGXArw==\n",
                "username": "azureuser"
              }
            ],
            "admin_username": "azureuser",
            "allow_extension_operations": true,
            "availability_set_id": "",
            "boot_diagnostics": [],
            "computer_name": "vm1",
            "custom_data": null,
            "dedicated_host_group_id": "",
            "dedicated_host_id": "",
            "disable_password_authentication": true,
            "encryption_at_host_enabled": false,
            "eviction_policy": "",
            "extensions_time_budget": "PT1H30M",
            "id": "/subscriptions/03989851-cb35-46f9-a49f-7ab8e8bb55c1/resourceGroups/temp/providers/Microsoft.Compute/virtualMachines/vm1",
            "identity": [],
            "license_type": "",
            "location": "brazilsouth",
            "max_bid_price": -1,
            "name": "vm1",
            "network_interface_ids": [
              "/subscriptions/03989851-cb35-46f9-a49f-7ab8e8bb55c1/resourceGroups/temp/providers/Microsoft.Network/networkInterfaces/vm1-NIC"
            ],
            "os_disk": [
              {
                "caching": "ReadWrite",
                "diff_disk_settings": [],
                "disk_encryption_set_id": "",
                "disk_size_gb": 30,
                "name": "vm1_OsDisk_1_b4223c8feb8544e4aa926b01d67bfb63",
                "storage_account_type": "Standard_LRS",
                "write_accelerator_enabled": false
              }
            ],
            "patch_mode": "ImageDefault",
            "plan": [],
            "platform_fault_domain": -1,
            "priority": "Regular",
            "private_ip_address": "10.0.1.4",
            "private_ip_addresses": [
              "10.0.1.4"
            ],
            "provision_vm_agent": true,
            "proximity_placement_group_id": "",
            "public_ip_address": "20.226.23.225",
            "public_ip_addresses": [
              "20.226.23.225"
            ],
            "resource_group_name": "temp",
            "secret": [],
            "secure_boot_enabled": false,
            "size": "Standard_DS1_v2",
            "source_image_id": "",
            "source_image_reference": [
              {
                "offer": "0001-com-ubuntu-server-focal",
                "publisher": "Canonical",
                "sku": "20_04-lts-gen2",
                "version": "latest"
              }
            ],
            "tags": null,
            "timeouts": null,
            "user_data": "",
            "virtual_machine_id": "750e7fe4-9a55-49a7-b259-1987bccec639",
            "virtual_machine_scale_set_id": "",
            "vtpm_enabled": false,
            "zone": ""
          },
          "sensitive_attributes": [],
          "private": "eyJlMmJmYjczMC1lY2FhLTExZTYtOGY4OC0zNDM2M2JjN2M0YzAiOnsiY3JlYXRlIjoyNzAwMDAwMDAwMDAwLCJkZWxldGUiOjI3MDAwMDAwMDAwMDAsInJlYWQiOjMwMDAwMDAwMDAwMCwidXBkYXRlIjoyNzAwMDAwMDAwMDAwfX0=",
          "dependencies": [
            "azurerm_network_interface.default",
            "azurerm_network_interface_security_group_association.default",
            "azurerm_network_security_group.default",
            "azurerm_public_ip.default",
            "azurerm_resource_group.default",
            "azurerm_subnet.internal",
            "azurerm_virtual_network.default",
            "tls_private_key.key"
          ]
        }
      ]
    },
    {
      "mode": "managed",
      "type": "azurerm_network_interface",
      "name": "default",
      "provider": "provider[\"registry.terraform.io/hashicorp/azurerm\"]",
      "instances": [
        {
          "index_key": 0,
          "schema_version": 0,
          "attributes": {
            "applied_dns_servers": [],
            "dns_servers": [],
            "enable_accelerated_networking": false,
            "enable_ip_forwarding": false,
            "id": "/subscriptions/03989851-cb35-46f9-a49f-7ab8e8bb55c1/resourceGroups/temp/providers/Microsoft.Network/networkInterfaces/vm0-NIC",
            "internal_dns_name_label": "",
            "internal_domain_name_suffix": "14sy1f52fnluvi0b5owlwrtu3a.nx.internal.cloudapp.net",
            "ip_configuration": [
              {
                "gateway_load_balancer_frontend_ip_configuration_id": "",
                "name": "master-ipconfig",
                "primary": true,
                "private_ip_address": "10.0.1.5",
                "private_ip_address_allocation": "Dynamic",
                "private_ip_address_version": "IPv4",
                "public_ip_address_id": "/subscriptions/03989851-cb35-46f9-a49f-7ab8e8bb55c1/resourceGroups/temp/providers/Microsoft.Network/publicIPAddresses/vm0-PIP",
                "subnet_id": "/subscriptions/03989851-cb35-46f9-a49f-7ab8e8bb55c1/resourceGroups/temp/providers/Microsoft.Network/virtualNetworks/vnet-temp/subnets/internal"
              }
            ],
            "location": "brazilsouth",
            "mac_address": "",
            "name": "vm0-NIC",
            "private_ip_address": "10.0.1.5",
            "private_ip_addresses": [
              "10.0.1.5"
            ],
            "resource_group_name": "temp",
            "tags": null,
            "timeouts": null,
            "virtual_machine_id": ""
          },
          "sensitive_attributes": [],
          "private": "eyJlMmJmYjczMC1lY2FhLTExZTYtOGY4OC0zNDM2M2JjN2M0YzAiOnsiY3JlYXRlIjoxODAwMDAwMDAwMDAwLCJkZWxldGUiOjE4MDAwMDAwMDAwMDAsInJlYWQiOjMwMDAwMDAwMDAwMCwidXBkYXRlIjoxODAwMDAwMDAwMDAwfX0=",
          "dependencies": [
            "azurerm_public_ip.default",
            "azurerm_resource_group.default",
            "azurerm_subnet.internal",
            "azurerm_virtual_network.default"
          ]
        },
        {
          "index_key": 1,
          "schema_version": 0,
          "attributes": {
            "applied_dns_servers": [],
            "dns_servers": [],
            "enable_accelerated_networking": false,
            "enable_ip_forwarding": false,
            "id": "/subscriptions/03989851-cb35-46f9-a49f-7ab8e8bb55c1/resourceGroups/temp/providers/Microsoft.Network/networkInterfaces/vm1-NIC",
            "internal_dns_name_label": "",
            "internal_domain_name_suffix": "14sy1f52fnluvi0b5owlwrtu3a.nx.internal.cloudapp.net",
            "ip_configuration": [
              {
                "gateway_load_balancer_frontend_ip_configuration_id": "",
                "name": "master-ipconfig",
                "primary": true,
                "private_ip_address": "10.0.1.4",
                "private_ip_address_allocation": "Dynamic",
                "private_ip_address_version": "IPv4",
                "public_ip_address_id": "/subscriptions/03989851-cb35-46f9-a49f-7ab8e8bb55c1/resourceGroups/temp/providers/Microsoft.Network/publicIPAddresses/vm1-PIP",
                "subnet_id": "/subscriptions/03989851-cb35-46f9-a49f-7ab8e8bb55c1/resourceGroups/temp/providers/Microsoft.Network/virtualNetworks/vnet-temp/subnets/internal"
              }
            ],
            "location": "brazilsouth",
            "mac_address": "",
            "name": "vm1-NIC",
            "private_ip_address": "10.0.1.4",
            "private_ip_addresses": [
              "10.0.1.4"
            ],
            "resource_group_name": "temp",
            "tags": null,
            "timeouts": null,
            "virtual_machine_id": ""
          },
          "sensitive_attributes": [],
          "private": "eyJlMmJmYjczMC1lY2FhLTExZTYtOGY4OC0zNDM2M2JjN2M0YzAiOnsiY3JlYXRlIjoxODAwMDAwMDAwMDAwLCJkZWxldGUiOjE4MDAwMDAwMDAwMDAsInJlYWQiOjMwMDAwMDAwMDAwMCwidXBkYXRlIjoxODAwMDAwMDAwMDAwfX0=",
          "dependencies": [
            "azurerm_public_ip.default",
            "azurerm_resource_group.default",
            "azurerm_subnet.internal",
            "azurerm_virtual_network.default"
          ]
        }
      ]
    },
    {
      "mode": "managed",
      "type": "azurerm_network_interface_security_group_association",
      "name": "default",
      "provider": "provider[\"registry.terraform.io/hashicorp/azurerm\"]",
      "instances": [
        {
          "index_key": 0,
          "schema_version": 0,
          "attributes": {
            "id": "/subscriptions/03989851-cb35-46f9-a49f-7ab8e8bb55c1/resourceGroups/temp/providers/Microsoft.Network/networkInterfaces/vm0-NIC|/subscriptions/03989851-cb35-46f9-a49f-7ab8e8bb55c1/resourceGroups/temp/providers/Microsoft.Network/networkSecurityGroups/rg-nsg",
            "network_interface_id": "/subscriptions/03989851-cb35-46f9-a49f-7ab8e8bb55c1/resourceGroups/temp/providers/Microsoft.Network/networkInterfaces/vm0-NIC",
            "network_security_group_id": "/subscriptions/03989851-cb35-46f9-a49f-7ab8e8bb55c1/resourceGroups/temp/providers/Microsoft.Network/networkSecurityGroups/rg-nsg",
            "timeouts": null
          },
          "sensitive_attributes": [],
          "private": "eyJlMmJmYjczMC1lY2FhLTExZTYtOGY4OC0zNDM2M2JjN2M0YzAiOnsiY3JlYXRlIjoxODAwMDAwMDAwMDAwLCJkZWxldGUiOjE4MDAwMDAwMDAwMDAsInJlYWQiOjMwMDAwMDAwMDAwMCwidXBkYXRlIjoxODAwMDAwMDAwMDAwfX0=",
          "dependencies": [
            "azurerm_network_interface.default",
            "azurerm_network_security_group.default",
            "azurerm_public_ip.default",
            "azurerm_resource_group.default",
            "azurerm_subnet.internal",
            "azurerm_virtual_network.default"
          ]
        },
        {
          "index_key": 1,
          "schema_version": 0,
          "attributes": {
            "id": "/subscriptions/03989851-cb35-46f9-a49f-7ab8e8bb55c1/resourceGroups/temp/providers/Microsoft.Network/networkInterfaces/vm1-NIC|/subscriptions/03989851-cb35-46f9-a49f-7ab8e8bb55c1/resourceGroups/temp/providers/Microsoft.Network/networkSecurityGroups/rg-nsg",
            "network_interface_id": "/subscriptions/03989851-cb35-46f9-a49f-7ab8e8bb55c1/resourceGroups/temp/providers/Microsoft.Network/networkInterfaces/vm1-NIC",
            "network_security_group_id": "/subscriptions/03989851-cb35-46f9-a49f-7ab8e8bb55c1/resourceGroups/temp/providers/Microsoft.Network/networkSecurityGroups/rg-nsg",
            "timeouts": null
          },
          "sensitive_attributes": [],
          "private": "eyJlMmJmYjczMC1lY2FhLTExZTYtOGY4OC0zNDM2M2JjN2M0YzAiOnsiY3JlYXRlIjoxODAwMDAwMDAwMDAwLCJkZWxldGUiOjE4MDAwMDAwMDAwMDAsInJlYWQiOjMwMDAwMDAwMDAwMCwidXBkYXRlIjoxODAwMDAwMDAwMDAwfX0=",
          "dependencies": [
            "azurerm_network_interface.default",
            "azurerm_network_security_group.default",
            "azurerm_public_ip.default",
            "azurerm_resource_group.default",
            "azurerm_subnet.internal",
            "azurerm_virtual_network.default"
          ]
        }
      ]
    },
    {
      "mode": "managed",
      "type": "azurerm_network_security_group",
      "name": "default",
      "provider": "provider[\"registry.terraform.io/hashicorp/azurerm\"]",
      "instances": [
        {
          "schema_version": 0,
          "attributes": {
            "id": "/subscriptions/03989851-cb35-46f9-a49f-7ab8e8bb55c1/resourceGroups/temp/providers/Microsoft.Network/networkSecurityGroups/rg-nsg",
            "location": "brazilsouth",
            "name": "rg-nsg",
            "resource_group_name": "temp",
            "security_rule": [
              {
                "access": "Allow",
                "description": "",
                "destination_address_prefix": "*",
                "destination_address_prefixes": [],
                "destination_application_security_group_ids": [],
                "destination_port_range": "22",
                "destination_port_ranges": [],
                "direction": "Inbound",
                "name": "SSH",
                "priority": 200,
                "protocol": "Tcp",
                "source_address_prefix": "*",
                "source_address_prefixes": [],
                "source_application_security_group_ids": [],
                "source_port_range": "*",
                "source_port_ranges": []
              }
            ],
            "tags": null,
            "timeouts": null
          },
          "sensitive_attributes": [],
          "private": "eyJlMmJmYjczMC1lY2FhLTExZTYtOGY4OC0zNDM2M2JjN2M0YzAiOnsiY3JlYXRlIjoxODAwMDAwMDAwMDAwLCJkZWxldGUiOjE4MDAwMDAwMDAwMDAsInJlYWQiOjMwMDAwMDAwMDAwMCwidXBkYXRlIjoxODAwMDAwMDAwMDAwfX0=",
          "dependencies": [
            "azurerm_resource_group.default"
          ]
        }
      ]
    },
    {
      "mode": "managed",
      "type": "azurerm_public_ip",
      "name": "default",
      "provider": "provider[\"registry.terraform.io/hashicorp/azurerm\"]",
      "instances": [
        {
          "index_key": 0,
          "schema_version": 0,
          "attributes": {
            "allocation_method": "Static",
            "availability_zone": "No-Zone",
            "domain_name_label": null,
            "fqdn": null,
            "id": "/subscriptions/03989851-cb35-46f9-a49f-7ab8e8bb55c1/resourceGroups/temp/providers/Microsoft.Network/publicIPAddresses/vm0-PIP",
            "idle_timeout_in_minutes": 4,
            "ip_address": "20.226.20.209",
            "ip_tags": null,
            "ip_version": "IPv4",
            "location": "brazilsouth",
            "name": "vm0-PIP",
            "public_ip_prefix_id": null,
            "resource_group_name": "temp",
            "reverse_fqdn": null,
            "sku": "Basic",
            "sku_tier": "Regional",
            "tags": null,
            "timeouts": null,
            "zones": []
          },
          "sensitive_attributes": [],
          "private": "eyJlMmJmYjczMC1lY2FhLTExZTYtOGY4OC0zNDM2M2JjN2M0YzAiOnsiY3JlYXRlIjoxODAwMDAwMDAwMDAwLCJkZWxldGUiOjE4MDAwMDAwMDAwMDAsInJlYWQiOjMwMDAwMDAwMDAwMCwidXBkYXRlIjoxODAwMDAwMDAwMDAwfX0=",
          "dependencies": [
            "azurerm_resource_group.default"
          ]
        },
        {
          "index_key": 1,
          "schema_version": 0,
          "attributes": {
            "allocation_method": "Static",
            "availability_zone": "No-Zone",
            "domain_name_label": null,
            "fqdn": null,
            "id": "/subscriptions/03989851-cb35-46f9-a49f-7ab8e8bb55c1/resourceGroups/temp/providers/Microsoft.Network/publicIPAddresses/vm1-PIP",
            "idle_timeout_in_minutes": 4,
            "ip_address": "20.226.23.225",
            "ip_tags": null,
            "ip_version": "IPv4",
            "location": "brazilsouth",
            "name": "vm1-PIP",
            "public_ip_prefix_id": null,
            "resource_group_name": "temp",
            "reverse_fqdn": null,
            "sku": "Basic",
            "sku_tier": "Regional",
            "tags": null,
            "timeouts": null,
            "zones": []
          },
          "sensitive_attributes": [],
          "private": "eyJlMmJmYjczMC1lY2FhLTExZTYtOGY4OC0zNDM2M2JjN2M0YzAiOnsiY3JlYXRlIjoxODAwMDAwMDAwMDAwLCJkZWxldGUiOjE4MDAwMDAwMDAwMDAsInJlYWQiOjMwMDAwMDAwMDAwMCwidXBkYXRlIjoxODAwMDAwMDAwMDAwfX0=",
          "dependencies": [
            "azurerm_resource_group.default"
          ]
        }
      ]
    },
    {
      "mode": "managed",
      "type": "azurerm_resource_group",
      "name": "default",
      "provider": "provider[\"registry.terraform.io/hashicorp/azurerm\"]",
      "instances": [
        {
          "schema_version": 0,
          "attributes": {
            "id": "/subscriptions/03989851-cb35-46f9-a49f-7ab8e8bb55c1/resourceGroups/temp",
            "location": "brazilsouth",
            "name": "temp",
            "tags": {
              "environment": "dev",
              "source": "Terraform"
            },
            "timeouts": null
          },
          "sensitive_attributes": [],
          "private": "eyJlMmJmYjczMC1lY2FhLTExZTYtOGY4OC0zNDM2M2JjN2M0YzAiOnsiY3JlYXRlIjo1NDAwMDAwMDAwMDAwLCJkZWxldGUiOjU0MDAwMDAwMDAwMDAsInJlYWQiOjMwMDAwMDAwMDAwMCwidXBkYXRlIjo1NDAwMDAwMDAwMDAwfX0="
        }
      ]
    },
    {
      "mode": "managed",
      "type": "azurerm_subnet",
      "name": "internal",
      "provider": "provider[\"registry.terraform.io/hashicorp/azurerm\"]",
      "instances": [
        {
          "schema_version": 0,
          "attributes": {
            "address_prefix": "10.0.1.0/24",
            "address_prefixes": [
              "10.0.1.0/24"
            ],
            "delegation": [],
            "enforce_private_link_endpoint_network_policies": false,
            "enforce_private_link_service_network_policies": false,
            "id": "/subscriptions/03989851-cb35-46f9-a49f-7ab8e8bb55c1/resourceGroups/temp/providers/Microsoft.Network/virtualNetworks/vnet-temp/subnets/internal",
            "name": "internal",
            "resource_group_name": "temp",
            "service_endpoint_policy_ids": null,
            "service_endpoints": null,
            "timeouts": null,
            "virtual_network_name": "vnet-temp"
          },
          "sensitive_attributes": [],
          "private": "eyJlMmJmYjczMC1lY2FhLTExZTYtOGY4OC0zNDM2M2JjN2M0YzAiOnsiY3JlYXRlIjoxODAwMDAwMDAwMDAwLCJkZWxldGUiOjE4MDAwMDAwMDAwMDAsInJlYWQiOjMwMDAwMDAwMDAwMCwidXBkYXRlIjoxODAwMDAwMDAwMDAwfX0=",
          "dependencies": [
            "azurerm_resource_group.default",
            "azurerm_virtual_network.default"
          ]
        }
      ]
    },
    {
      "mode": "managed",
      "type": "azurerm_virtual_network",
      "name": "default",
      "provider": "provider[\"registry.terraform.io/hashicorp/azurerm\"]",
      "instances": [
        {
          "schema_version": 0,
          "attributes": {
            "address_space": [
              "10.0.0.0/16"
            ],
            "bgp_community": "",
            "ddos_protection_plan": [],
            "dns_servers": [],
            "flow_timeout_in_minutes": 0,
            "guid": "978da5df-2bfc-4a57-a341-fbacbb4674e8",
            "id": "/subscriptions/03989851-cb35-46f9-a49f-7ab8e8bb55c1/resourceGroups/temp/providers/Microsoft.Network/virtualNetworks/vnet-temp",
            "location": "brazilsouth",
            "name": "vnet-temp",
            "resource_group_name": "temp",
            "subnet": [],
            "tags": null,
            "timeouts": null,
            "vm_protection_enabled": false
          },
          "sensitive_attributes": [],
          "private": "eyJlMmJmYjczMC1lY2FhLTExZTYtOGY4OC0zNDM2M2JjN2M0YzAiOnsiY3JlYXRlIjoxODAwMDAwMDAwMDAwLCJkZWxldGUiOjE4MDAwMDAwMDAwMDAsInJlYWQiOjMwMDAwMDAwMDAwMCwidXBkYXRlIjoxODAwMDAwMDAwMDAwfX0=",
          "dependencies": [
            "azurerm_resource_group.default"
          ]
        }
      ]
    },
    {
      "mode": "managed",
      "type": "local_file",
      "name": "azure_key",
      "provider": "provider[\"registry.terraform.io/hashicorp/local\"]",
      "instances": [
        {
          "schema_version": 0,
          "attributes": {
            "content": "-----BEGIN RSA PRIVATE KEY-----\nMIIJKAIBAAKCAgEArvzXuQX6Os7NgkrOBkunQ9p5e0Fhgs2j7KCO/542K8d6eG7x\n+Q54ZtFjdDN5IeSoed07XREUWS7xYeq8Kn3xXUArJtJ4NpGn2u4Md/wDTtAstTmz\nDPPP4FPUeLGJvX3sC7IoLQENVYeU1hFwdB2hhJ9104TSHb3SS+SA+cv7hFiV7rGb\nDoUIOvmP1CYsAl8QipW5wXanwXApLgIYqIrR7QZWZaBJ1hqfOcUmw9BcbePGzztC\nGC6uwaMt1BlUaHiH7rArV7Fuvamu5rZUBUohHARW3/1B4ApJTKyMV48ZxI9IqKB1\nidwOcoJvRNXOdrrdHx0zVXDqvfxE5LZl9LdcAr/XshjrDkracolbByKkWOuWE99o\noYwQAdWONC2n3Jl+AcUc/7DX5zm+29/rrwq6LRIFYiofPMIvFZe5Ck7Tmr9RVZs5\nufOyfuJXwq8anP08H5CYDeEIQrkyeKOS6SalNqF/I+YKr85PYVAVY2ctmSmRN2IL\nz3CZ/slHxpz7J7hl8IDEAUHegGbLY171KRUSbz1BeGj7k3/dGNR6n0yMBwTBmUKb\nPB8EJXa4s6thAZiPOa1h2DKT/+1B5cr/iphE4V8SKdlyBvJXd/Yb33/7sp2bVVKo\nJXuXlFgEQvdyezFIfGGGpne63JkGkJ2VwSUbd11X6cgz32QHNkXVCahlwK8CAwEA\nAQKCAgBpvVvV8Gi+9Ix2uSE56KlQdUqHUoDL+9ucd4ExsbbmSYoWEGSjrTzQVKMW\naqw98OBlk2v11wZGxfkSxDekLaqWQNpSgUgnIWkfAE4EiwKss1rwv8cUgpgQ5Fc1\n/4JOQTNL9gIU/9fA4Ubs/GjJocYiUAFxKYeWdUgImDHfwIVh+e3P6P7bjUPl7zwc\nZFyfqjZiqAsxfrPsTgx0QswHvKsR4Yx/qJY1jKy+ygWcueHAfa17OEG+PydW13Yv\n/oZlAsCRWV83hH54mXqY64BmGd9cALtGatFNwql8bZ/4oP5fKn4rd5rPDWylgXAf\nVluGn3BTBuAoNy2CVFiFJDsD33D3MIGmBjJyk0gWo8BA2ayqJgrCqBRP4Udq1tIj\nvxkWVNfy5PmlmhKlQjOCfas89bXgfsd+ATe53KctyvcDxnDbpdaiYUQcdp8v1tdO\niV0YtiFaaDzilmpOwlP8EVzdlgrrVCfMYyixPaeKPAprcd9e72/W77saRmbBaiJm\nE6a5evRnvBTLy3RWVlZNUpxHJ+30V/dqzvmK0V/llEgtvqX0IPepOjiDBI8A6BuS\n4wFqKURwmvKVQqVMstFBl+s5K1uAU5llJhDOdAy+NW0TqFCDdYSCi8412xKj6f1A\nD4B7ukuvKFQ3rNOmVGdwJxXTnAL3Y5MQlP94JGQeP+zqqIzVIQKCAQEA1+fza6MX\nX7jK7vmoyStj/tcbbrWvhsoUtv6DSMnxFRcCybXDh4xz34+B/kjXGLy8Qjj5rKSz\nSXU31vyfmjY9wxV2wGmLZfPD/EZqrGn0727i+sTwquPCEp5I1RV+CVeKgOr5Ra79\niIsc+ShYWyPbP7sSsU8x4Ew3uq/CO8VDKnY1Hrt04RnfegAX02Gu/RG1khXn2ImY\nbaUdhsDewQiL+ErExzxs+SG6UKIP46LbQqXJvZp6Fu1HjiAxZhFpz6z4C8GkdZC8\nKbKTlvvgovt1h2V4ECq4rI2WXAakOgYQemXifOYcMMYFURZWFLJW0RSOB6DeuhNc\nb5MOSFuavmytxwKCAQEAz3unt3PxWRXTVCi8uqJk6HlBNco0S6KmUhNaQ52QncrY\neX4nXGZpP+IVx1P82bRhLT8rrqKVO/RnexI+yltIzJcKuOXxR7Z91ih6JpUURYli\nOSGCDzVrJXFau+Erb18DhJZjAIOx69R67U7C2gMKIq3AeGgMmRn/4rPJVZUeKqHf\nCXgByAc9AhIORT8yVqXZHJGeTgqeG7rC+O2fJRuYEUm1MgPSg/P99ZBrzvR7NSwz\nmkYk/ohHCdQrQKj6iXISQ2oC8ZQG968Gxgqks/A/Ur4UfSRtLOXTCAUNwNiYg/nZ\nsiHDCkLEbkKodqwJmOGXIYuGPSXr2IoDr6zYwFH12QKCAQB4Ke1Nu+CXcubnKGZr\nSE4IGLp43H/Lmg77Zh21VkdqQHtZvmMLvv0CsQFdgDbO2sRAaytyjdwHB0lDyygd\nERFA0WJdZqCh5pDuiFZ4jSQ4WlPT0+ZKhiaObDAHAEY8ds9sPtrrkKAk7Z/7gBvk\n5cjx6HFX48bTmjfuHEITOA/Qwyd/aj97xQWfBgw8poJY8RFINA7scnA2ng4X4KJZ\ndyNH1n08kgHoioACvp/vRsWXi2QDtcU7m2YW0Q4NS6XDYvZOvMCGej5vSqdgAeGd\ndCyOZcfz34MW7lp/72ZZsORc6vWqI/wOnTd6UN8p97Pf+/usfTlZAMuSgZsSZIF0\neFIjAoIBABSYGICcEIOgJ/a9iGYaAlwU1QUqyeAMB+gzpYz6kcUnwi7k97EzNRUz\nMqgzTPCq985O694MozVtP+w2Vmctgl9USqspn7ZXhcwA/obf20A/r7EuA0PRMI5p\n3vCxG+eVDbtWVgNSDxHyaDUv0SVkkdf5WRZadY2ox/5PjBdjkrf2kzXUZJDfLw4K\njsIO0MdK9O7iAU2Lvj/QXNPqehZr0787irGpMXcJe9ao/Bpxp90SQxj4B2oAStTN\n63EilKOZ3/gzCJHD+KETDWAQ5GI74X0sAsqdF/0R3s13+vJ+TT0kSphkw4A8OlUb\nZq9IyjcThTW+LJfbMLqwkEcap/UG7ZkCggEBAJKY4DX/w6GWC+lvpCQYQ3Evi9cT\nSITSxzXY9jXunN3dkThWnIIY9mzy2Mf2GMvDm23XeHxfBwu51729s8mHXpdPxzIb\nrFaRAhCZrxyQq9XHPy5RfRyfQvA0hP2vlrKbLHLR23EIjx6eN+lrjm81VxXRokkc\nUjT4vmlLHg6seprfsftea8y3qhkIJPeAold/c7sl+jOcDf5afCNXtQbj4f1sYpnB\nKWcG8unHsnyVJ9PxeJT2pDgLyQbRjgT1en7QKWNO07saW56AnyIrkmSndDRskvJO\n5ku8XaS3aOkHama80o4Z4iCeWIx+prj2bOdhMtjZ2Yxb2EGA5cRGM1EA/DM=\n-----END RSA PRIVATE KEY-----\n",
            "content_base64": null,
            "directory_permission": "0777",
            "file_permission": "0777",
            "filename": "azure_key.pem",
            "id": "ab2911070b0093969985b5c67e2309dd0e460086",
            "sensitive_content": null,
            "source": null
          },
          "sensitive_attributes": [
            [
              {
                "type": "get_attr",
                "value": "content"
              }
            ]
          ],
          "private": "bnVsbA==",
          "dependencies": [
            "tls_private_key.key"
          ]
        }
      ]
    },
    {
      "mode": "managed",
      "type": "tls_private_key",
      "name": "key",
      "provider": "provider[\"registry.terraform.io/hashicorp/tls\"]",
      "instances": [
        {
          "schema_version": 0,
          "attributes": {
            "algorithm": "RSA",
            "ecdsa_curve": "P224",
            "id": "b879d0664c19ff96b01e4dfc2761bfe3dd7d8ed2",
            "private_key_pem": "-----BEGIN RSA PRIVATE KEY-----\nMIIJKAIBAAKCAgEArvzXuQX6Os7NgkrOBkunQ9p5e0Fhgs2j7KCO/542K8d6eG7x\n+Q54ZtFjdDN5IeSoed07XREUWS7xYeq8Kn3xXUArJtJ4NpGn2u4Md/wDTtAstTmz\nDPPP4FPUeLGJvX3sC7IoLQENVYeU1hFwdB2hhJ9104TSHb3SS+SA+cv7hFiV7rGb\nDoUIOvmP1CYsAl8QipW5wXanwXApLgIYqIrR7QZWZaBJ1hqfOcUmw9BcbePGzztC\nGC6uwaMt1BlUaHiH7rArV7Fuvamu5rZUBUohHARW3/1B4ApJTKyMV48ZxI9IqKB1\nidwOcoJvRNXOdrrdHx0zVXDqvfxE5LZl9LdcAr/XshjrDkracolbByKkWOuWE99o\noYwQAdWONC2n3Jl+AcUc/7DX5zm+29/rrwq6LRIFYiofPMIvFZe5Ck7Tmr9RVZs5\nufOyfuJXwq8anP08H5CYDeEIQrkyeKOS6SalNqF/I+YKr85PYVAVY2ctmSmRN2IL\nz3CZ/slHxpz7J7hl8IDEAUHegGbLY171KRUSbz1BeGj7k3/dGNR6n0yMBwTBmUKb\nPB8EJXa4s6thAZiPOa1h2DKT/+1B5cr/iphE4V8SKdlyBvJXd/Yb33/7sp2bVVKo\nJXuXlFgEQvdyezFIfGGGpne63JkGkJ2VwSUbd11X6cgz32QHNkXVCahlwK8CAwEA\nAQKCAgBpvVvV8Gi+9Ix2uSE56KlQdUqHUoDL+9ucd4ExsbbmSYoWEGSjrTzQVKMW\naqw98OBlk2v11wZGxfkSxDekLaqWQNpSgUgnIWkfAE4EiwKss1rwv8cUgpgQ5Fc1\n/4JOQTNL9gIU/9fA4Ubs/GjJocYiUAFxKYeWdUgImDHfwIVh+e3P6P7bjUPl7zwc\nZFyfqjZiqAsxfrPsTgx0QswHvKsR4Yx/qJY1jKy+ygWcueHAfa17OEG+PydW13Yv\n/oZlAsCRWV83hH54mXqY64BmGd9cALtGatFNwql8bZ/4oP5fKn4rd5rPDWylgXAf\nVluGn3BTBuAoNy2CVFiFJDsD33D3MIGmBjJyk0gWo8BA2ayqJgrCqBRP4Udq1tIj\nvxkWVNfy5PmlmhKlQjOCfas89bXgfsd+ATe53KctyvcDxnDbpdaiYUQcdp8v1tdO\niV0YtiFaaDzilmpOwlP8EVzdlgrrVCfMYyixPaeKPAprcd9e72/W77saRmbBaiJm\nE6a5evRnvBTLy3RWVlZNUpxHJ+30V/dqzvmK0V/llEgtvqX0IPepOjiDBI8A6BuS\n4wFqKURwmvKVQqVMstFBl+s5K1uAU5llJhDOdAy+NW0TqFCDdYSCi8412xKj6f1A\nD4B7ukuvKFQ3rNOmVGdwJxXTnAL3Y5MQlP94JGQeP+zqqIzVIQKCAQEA1+fza6MX\nX7jK7vmoyStj/tcbbrWvhsoUtv6DSMnxFRcCybXDh4xz34+B/kjXGLy8Qjj5rKSz\nSXU31vyfmjY9wxV2wGmLZfPD/EZqrGn0727i+sTwquPCEp5I1RV+CVeKgOr5Ra79\niIsc+ShYWyPbP7sSsU8x4Ew3uq/CO8VDKnY1Hrt04RnfegAX02Gu/RG1khXn2ImY\nbaUdhsDewQiL+ErExzxs+SG6UKIP46LbQqXJvZp6Fu1HjiAxZhFpz6z4C8GkdZC8\nKbKTlvvgovt1h2V4ECq4rI2WXAakOgYQemXifOYcMMYFURZWFLJW0RSOB6DeuhNc\nb5MOSFuavmytxwKCAQEAz3unt3PxWRXTVCi8uqJk6HlBNco0S6KmUhNaQ52QncrY\neX4nXGZpP+IVx1P82bRhLT8rrqKVO/RnexI+yltIzJcKuOXxR7Z91ih6JpUURYli\nOSGCDzVrJXFau+Erb18DhJZjAIOx69R67U7C2gMKIq3AeGgMmRn/4rPJVZUeKqHf\nCXgByAc9AhIORT8yVqXZHJGeTgqeG7rC+O2fJRuYEUm1MgPSg/P99ZBrzvR7NSwz\nmkYk/ohHCdQrQKj6iXISQ2oC8ZQG968Gxgqks/A/Ur4UfSRtLOXTCAUNwNiYg/nZ\nsiHDCkLEbkKodqwJmOGXIYuGPSXr2IoDr6zYwFH12QKCAQB4Ke1Nu+CXcubnKGZr\nSE4IGLp43H/Lmg77Zh21VkdqQHtZvmMLvv0CsQFdgDbO2sRAaytyjdwHB0lDyygd\nERFA0WJdZqCh5pDuiFZ4jSQ4WlPT0+ZKhiaObDAHAEY8ds9sPtrrkKAk7Z/7gBvk\n5cjx6HFX48bTmjfuHEITOA/Qwyd/aj97xQWfBgw8poJY8RFINA7scnA2ng4X4KJZ\ndyNH1n08kgHoioACvp/vRsWXi2QDtcU7m2YW0Q4NS6XDYvZOvMCGej5vSqdgAeGd\ndCyOZcfz34MW7lp/72ZZsORc6vWqI/wOnTd6UN8p97Pf+/usfTlZAMuSgZsSZIF0\neFIjAoIBABSYGICcEIOgJ/a9iGYaAlwU1QUqyeAMB+gzpYz6kcUnwi7k97EzNRUz\nMqgzTPCq985O694MozVtP+w2Vmctgl9USqspn7ZXhcwA/obf20A/r7EuA0PRMI5p\n3vCxG+eVDbtWVgNSDxHyaDUv0SVkkdf5WRZadY2ox/5PjBdjkrf2kzXUZJDfLw4K\njsIO0MdK9O7iAU2Lvj/QXNPqehZr0787irGpMXcJe9ao/Bpxp90SQxj4B2oAStTN\n63EilKOZ3/gzCJHD+KETDWAQ5GI74X0sAsqdF/0R3s13+vJ+TT0kSphkw4A8OlUb\nZq9IyjcThTW+LJfbMLqwkEcap/UG7ZkCggEBAJKY4DX/w6GWC+lvpCQYQ3Evi9cT\nSITSxzXY9jXunN3dkThWnIIY9mzy2Mf2GMvDm23XeHxfBwu51729s8mHXpdPxzIb\nrFaRAhCZrxyQq9XHPy5RfRyfQvA0hP2vlrKbLHLR23EIjx6eN+lrjm81VxXRokkc\nUjT4vmlLHg6seprfsftea8y3qhkIJPeAold/c7sl+jOcDf5afCNXtQbj4f1sYpnB\nKWcG8unHsnyVJ9PxeJT2pDgLyQbRjgT1en7QKWNO07saW56AnyIrkmSndDRskvJO\n5ku8XaS3aOkHama80o4Z4iCeWIx+prj2bOdhMtjZ2Yxb2EGA5cRGM1EA/DM=\n-----END RSA PRIVATE KEY-----\n",
            "public_key_fingerprint_md5": "50:ac:f3:6d:5b:d0:51:84:15:d7:55:49:fd:db:65:a7",
            "public_key_openssh": "ssh-rsa AAAAB3NzaC1yc2EAAAADAQABAAACAQCu/Ne5Bfo6zs2CSs4GS6dD2nl7QWGCzaPsoI7/njYrx3p4bvH5Dnhm0WN0M3kh5Kh53TtdERRZLvFh6rwqffFdQCsm0ng2kafa7gx3/ANO0Cy1ObMM88/gU9R4sYm9fewLsigtAQ1Vh5TWEXB0HaGEn3XThNIdvdJL5ID5y/uEWJXusZsOhQg6+Y/UJiwCXxCKlbnBdqfBcCkuAhioitHtBlZloEnWGp85xSbD0Fxt48bPO0IYLq7Boy3UGVRoeIfusCtXsW69qa7mtlQFSiEcBFbf/UHgCklMrIxXjxnEj0iooHWJ3A5ygm9E1c52ut0fHTNVcOq9/ETktmX0t1wCv9eyGOsOStpyiVsHIqRY65YT32ihjBAB1Y40LafcmX4BxRz/sNfnOb7b3+uvCrotEgViKh88wi8Vl7kKTtOav1FVmzm587J+4lfCrxqc/TwfkJgN4QhCuTJ4o5LpJqU2oX8j5gqvzk9hUBVjZy2ZKZE3YgvPcJn+yUfGnPsnuGXwgMQBQd6AZstjXvUpFRJvPUF4aPuTf90Y1HqfTIwHBMGZQps8HwQldrizq2EBmI85rWHYMpP/7UHlyv+KmEThXxIp2XIG8ld39hvff/uynZtVUqgle5eUWARC93J7MUh8YYamd7rcmQaQnZXBJRt3XVfpyDPfZAc2RdUJqGXArw==\n",
            "public_key_pem": "-----BEGIN PUBLIC KEY-----\nMIICIjANBgkqhkiG9w0BAQEFAAOCAg8AMIICCgKCAgEArvzXuQX6Os7NgkrOBkun\nQ9p5e0Fhgs2j7KCO/542K8d6eG7x+Q54ZtFjdDN5IeSoed07XREUWS7xYeq8Kn3x\nXUArJtJ4NpGn2u4Md/wDTtAstTmzDPPP4FPUeLGJvX3sC7IoLQENVYeU1hFwdB2h\nhJ9104TSHb3SS+SA+cv7hFiV7rGbDoUIOvmP1CYsAl8QipW5wXanwXApLgIYqIrR\n7QZWZaBJ1hqfOcUmw9BcbePGzztCGC6uwaMt1BlUaHiH7rArV7Fuvamu5rZUBUoh\nHARW3/1B4ApJTKyMV48ZxI9IqKB1idwOcoJvRNXOdrrdHx0zVXDqvfxE5LZl9Ldc\nAr/XshjrDkracolbByKkWOuWE99ooYwQAdWONC2n3Jl+AcUc/7DX5zm+29/rrwq6\nLRIFYiofPMIvFZe5Ck7Tmr9RVZs5ufOyfuJXwq8anP08H5CYDeEIQrkyeKOS6Sal\nNqF/I+YKr85PYVAVY2ctmSmRN2ILz3CZ/slHxpz7J7hl8IDEAUHegGbLY171KRUS\nbz1BeGj7k3/dGNR6n0yMBwTBmUKbPB8EJXa4s6thAZiPOa1h2DKT/+1B5cr/iphE\n4V8SKdlyBvJXd/Yb33/7sp2bVVKoJXuXlFgEQvdyezFIfGGGpne63JkGkJ2VwSUb\nd11X6cgz32QHNkXVCahlwK8CAwEAAQ==\n-----END PUBLIC KEY-----\n",
            "rsa_bits": 4096
          },
          "sensitive_attributes": [],
          "private": "bnVsbA=="
        }
      ]
    }
  ]
}
