{
  "version": 4,
  "terraform_version": "1.1.6",
  "serial": 219,
  "lineage": "aaf00536-dcd3-224c-ace4-a9758164a2b5",
  "outputs": {},
  "resources": [
    {
      "mode": "managed",
      "type": "azurerm_linux_virtual_machine",
      "name": "main",
      "provider": "provider[\"registry.terraform.io/hashicorp/azurerm\"]",
      "instances": [
        {
          "index_key": 0,
          "schema_version": 0,
          "attributes": {
            "additional_capabilities": [],
            "admin_password": null,
            "admin_ssh_key": [
              {
                "public_key": "ssh-rsa AAAAB3NzaC1yc2EAAAADAQABAAACAQC4T/zAMQqg9fCCBhcaUypXtbYvXuPKJRzcQJJzwM2v4COqZFgvuBVRUCOGtMbUatGMYINKh1Lj1gzY2/846Y3QuV4L9nWIHSIvQ87cWMzVShJY90yuK/hY5PXmfEkYSv7MRR7PdE/fJcUAfLrTxEvvD1hbzwyKhKHingDE/GcEt0XcuZi1zmfo2j/OZQwF3sx14dtBWykHVIrP5w8+uS57QS7I3pIRD6nhkJ88pLA3wWKbzPRAPEBRwCwiPEz5ruCokP54hN+QtyBOkEB0Ed2qj7JZoxsX2rR+4POgSEmMi4+qQyWv0CxXNXzXfqgI7xqiuH9TgiuvVyW4fqDkri/xJTh5jeddXHpwKk/7+Ga4g7IFwCemudeCvZwi+rzhzGswD7rqDz0H73EzbP2MDNF9fTH+nV9bud8BTlahR2nlMWUYMRqWJNvD+Gt4qmfQTcuAnzGXM5qKQpVodc8+jN0MLyc4v3w7H0iPCHPQJV7MEnc/agS5Haq+214KI1B6OwsTsCMRtHj/3MxLGFO8H4zfjvkUeCMUipvTlOQr86wvcbN5tvj6EF2sFxZxly3fETkgDbXJfJY4liqs1IyZDWljsB+w0MwyySvgOZElUakQy0998Fw7/TSQRpPnriaoNMENo1R/ZPssg4OPnRl6rF78mlJUL8JkDLsa+P1/ZBPaFw==\n",
                "username": "azureuser"
              }
            ],
            "admin_username": "azureuser",
            "allow_extension_operations": true,
            "availability_set_id": "",
            "boot_diagnostics": [],
            "computer_name": "AZ-VM-00-0",
            "custom_data": null,
            "dedicated_host_group_id": "",
            "dedicated_host_id": "",
            "disable_password_authentication": true,
            "encryption_at_host_enabled": false,
            "eviction_policy": "",
            "extensions_time_budget": "PT1H30M",
            "id": "/subscriptions/03989851-cb35-46f9-a49f-7ab8e8bb55c1/resourceGroups/temp/providers/Microsoft.Compute/virtualMachines/AZ-VM-00-0",
            "identity": [],
            "license_type": "",
            "location": "brazilsouth",
            "max_bid_price": -1,
            "name": "AZ-VM-00-0",
            "network_interface_ids": [
              "/subscriptions/03989851-cb35-46f9-a49f-7ab8e8bb55c1/resourceGroups/temp/providers/Microsoft.Network/networkInterfaces/AZ-VM-00-NIC-0"
            ],
            "os_disk": [
              {
                "caching": "ReadWrite",
                "diff_disk_settings": [],
                "disk_encryption_set_id": "",
                "disk_size_gb": 30,
                "name": "AZ-VM-00-0_OsDisk_1_6036b046d72a4f99b22d0404c47c5eb9",
                "storage_account_type": "Standard_LRS",
                "write_accelerator_enabled": false
              }
            ],
            "patch_mode": "ImageDefault",
            "plan": [],
            "platform_fault_domain": -1,
            "priority": "Regular",
            "private_ip_address": "10.0.1.5",
            "private_ip_addresses": [
              "10.0.1.5"
            ],
            "provision_vm_agent": true,
            "proximity_placement_group_id": "",
            "public_ip_address": "20.206.68.73",
            "public_ip_addresses": [
              "20.206.68.73"
            ],
            "resource_group_name": "temp",
            "secret": [],
            "secure_boot_enabled": false,
            "size": "Standard_DS1_v2",
            "source_image_id": "",
            "source_image_reference": [
              {
                "offer": "UbuntuServer",
                "publisher": "Canonical",
                "sku": "16.04-LTS",
                "version": "latest"
              }
            ],
            "tags": null,
            "timeouts": null,
            "user_data": "",
            "virtual_machine_id": "19395eca-8fbf-426b-8a9a-258fecb813b0",
            "virtual_machine_scale_set_id": "",
            "vtpm_enabled": false,
            "zone": ""
          },
          "sensitive_attributes": [],
          "private": "eyJlMmJmYjczMC1lY2FhLTExZTYtOGY4OC0zNDM2M2JjN2M0YzAiOnsiY3JlYXRlIjoyNzAwMDAwMDAwMDAwLCJkZWxldGUiOjI3MDAwMDAwMDAwMDAsInJlYWQiOjMwMDAwMDAwMDAwMCwidXBkYXRlIjoyNzAwMDAwMDAwMDAwfX0=",
          "dependencies": [
            "azurerm_network_interface.default",
            "azurerm_network_interface_security_group_association.default",
            "azurerm_network_security_group.default",
            "azurerm_public_ip.default",
            "azurerm_resource_group.default",
            "azurerm_subnet.internal",
            "azurerm_virtual_network.default",
            "tls_private_key.key"
          ]
        },
        {
          "index_key": 1,
          "schema_version": 0,
          "attributes": {
            "additional_capabilities": [],
            "admin_password": null,
            "admin_ssh_key": [
              {
                "public_key": "ssh-rsa AAAAB3NzaC1yc2EAAAADAQABAAACAQC4T/zAMQqg9fCCBhcaUypXtbYvXuPKJRzcQJJzwM2v4COqZFgvuBVRUCOGtMbUatGMYINKh1Lj1gzY2/846Y3QuV4L9nWIHSIvQ87cWMzVShJY90yuK/hY5PXmfEkYSv7MRR7PdE/fJcUAfLrTxEvvD1hbzwyKhKHingDE/GcEt0XcuZi1zmfo2j/OZQwF3sx14dtBWykHVIrP5w8+uS57QS7I3pIRD6nhkJ88pLA3wWKbzPRAPEBRwCwiPEz5ruCokP54hN+QtyBOkEB0Ed2qj7JZoxsX2rR+4POgSEmMi4+qQyWv0CxXNXzXfqgI7xqiuH9TgiuvVyW4fqDkri/xJTh5jeddXHpwKk/7+Ga4g7IFwCemudeCvZwi+rzhzGswD7rqDz0H73EzbP2MDNF9fTH+nV9bud8BTlahR2nlMWUYMRqWJNvD+Gt4qmfQTcuAnzGXM5qKQpVodc8+jN0MLyc4v3w7H0iPCHPQJV7MEnc/agS5Haq+214KI1B6OwsTsCMRtHj/3MxLGFO8H4zfjvkUeCMUipvTlOQr86wvcbN5tvj6EF2sFxZxly3fETkgDbXJfJY4liqs1IyZDWljsB+w0MwyySvgOZElUakQy0998Fw7/TSQRpPnriaoNMENo1R/ZPssg4OPnRl6rF78mlJUL8JkDLsa+P1/ZBPaFw==\n",
                "username": "azureuser"
              }
            ],
            "admin_username": "azureuser",
            "allow_extension_operations": true,
            "availability_set_id": "",
            "boot_diagnostics": [],
            "computer_name": "AZ-VM-00-1",
            "custom_data": null,
            "dedicated_host_group_id": "",
            "dedicated_host_id": "",
            "disable_password_authentication": true,
            "encryption_at_host_enabled": false,
            "eviction_policy": "",
            "extensions_time_budget": "PT1H30M",
            "id": "/subscriptions/03989851-cb35-46f9-a49f-7ab8e8bb55c1/resourceGroups/temp/providers/Microsoft.Compute/virtualMachines/AZ-VM-00-1",
            "identity": [],
            "license_type": "",
            "location": "brazilsouth",
            "max_bid_price": -1,
            "name": "AZ-VM-00-1",
            "network_interface_ids": [
              "/subscriptions/03989851-cb35-46f9-a49f-7ab8e8bb55c1/resourceGroups/temp/providers/Microsoft.Network/networkInterfaces/AZ-VM-00-NIC-1"
            ],
            "os_disk": [
              {
                "caching": "ReadWrite",
                "diff_disk_settings": [],
                "disk_encryption_set_id": "",
                "disk_size_gb": 30,
                "name": "AZ-VM-00-1_disk1_9c3656b892c74c8b8f6d684ab22020e7",
                "storage_account_type": "Standard_LRS",
                "write_accelerator_enabled": false
              }
            ],
            "patch_mode": "ImageDefault",
            "plan": [],
            "platform_fault_domain": -1,
            "priority": "Regular",
            "private_ip_address": "10.0.1.4",
            "private_ip_addresses": [
              "10.0.1.4"
            ],
            "provision_vm_agent": true,
            "proximity_placement_group_id": "",
            "public_ip_address": "20.206.68.36",
            "public_ip_addresses": [
              "20.206.68.36"
            ],
            "resource_group_name": "temp",
            "secret": [],
            "secure_boot_enabled": false,
            "size": "Standard_DS1_v2",
            "source_image_id": "",
            "source_image_reference": [
              {
                "offer": "UbuntuServer",
                "publisher": "Canonical",
                "sku": "16.04-LTS",
                "version": "latest"
              }
            ],
            "tags": null,
            "timeouts": null,
            "user_data": "",
            "virtual_machine_id": "2e9cd238-8316-431e-9485-cbdc12c66bbc",
            "virtual_machine_scale_set_id": "",
            "vtpm_enabled": false,
            "zone": ""
          },
          "sensitive_attributes": [],
          "private": "eyJlMmJmYjczMC1lY2FhLTExZTYtOGY4OC0zNDM2M2JjN2M0YzAiOnsiY3JlYXRlIjoyNzAwMDAwMDAwMDAwLCJkZWxldGUiOjI3MDAwMDAwMDAwMDAsInJlYWQiOjMwMDAwMDAwMDAwMCwidXBkYXRlIjoyNzAwMDAwMDAwMDAwfX0=",
          "dependencies": [
            "azurerm_network_interface.default",
            "azurerm_network_interface_security_group_association.default",
            "azurerm_network_security_group.default",
            "azurerm_public_ip.default",
            "azurerm_resource_group.default",
            "azurerm_subnet.internal",
            "azurerm_virtual_network.default",
            "tls_private_key.key"
          ]
        }
      ]
    },
    {
      "mode": "managed",
      "type": "azurerm_network_interface",
      "name": "default",
      "provider": "provider[\"registry.terraform.io/hashicorp/azurerm\"]",
      "instances": [
        {
          "index_key": 0,
          "schema_version": 0,
          "attributes": {
            "applied_dns_servers": [],
            "dns_servers": [],
            "enable_accelerated_networking": false,
            "enable_ip_forwarding": false,
            "id": "/subscriptions/03989851-cb35-46f9-a49f-7ab8e8bb55c1/resourceGroups/temp/providers/Microsoft.Network/networkInterfaces/AZ-VM-00-NIC-0",
            "internal_dns_name_label": "",
            "internal_domain_name_suffix": "js3yt4n4idbupl2zs4pj5u0gtb.nx.internal.cloudapp.net",
            "ip_configuration": [
              {
                "gateway_load_balancer_frontend_ip_configuration_id": "",
                "name": "master-ipconfig",
                "primary": true,
                "private_ip_address": "10.0.1.5",
                "private_ip_address_allocation": "Dynamic",
                "private_ip_address_version": "IPv4",
                "public_ip_address_id": "/subscriptions/03989851-cb35-46f9-a49f-7ab8e8bb55c1/resourceGroups/temp/providers/Microsoft.Network/publicIPAddresses/AZ_VM_00-PIP-0",
                "subnet_id": "/subscriptions/03989851-cb35-46f9-a49f-7ab8e8bb55c1/resourceGroups/temp/providers/Microsoft.Network/virtualNetworks/vnet-temp/subnets/internal"
              }
            ],
            "location": "brazilsouth",
            "mac_address": "",
            "name": "AZ-VM-00-NIC-0",
            "private_ip_address": "10.0.1.5",
            "private_ip_addresses": [
              "10.0.1.5"
            ],
            "resource_group_name": "temp",
            "tags": null,
            "timeouts": null,
            "virtual_machine_id": ""
          },
          "sensitive_attributes": [],
          "private": "eyJlMmJmYjczMC1lY2FhLTExZTYtOGY4OC0zNDM2M2JjN2M0YzAiOnsiY3JlYXRlIjoxODAwMDAwMDAwMDAwLCJkZWxldGUiOjE4MDAwMDAwMDAwMDAsInJlYWQiOjMwMDAwMDAwMDAwMCwidXBkYXRlIjoxODAwMDAwMDAwMDAwfX0=",
          "dependencies": [
            "azurerm_public_ip.default",
            "azurerm_resource_group.default",
            "azurerm_subnet.internal",
            "azurerm_virtual_network.default"
          ]
        },
        {
          "index_key": 1,
          "schema_version": 0,
          "attributes": {
            "applied_dns_servers": [],
            "dns_servers": [],
            "enable_accelerated_networking": false,
            "enable_ip_forwarding": false,
            "id": "/subscriptions/03989851-cb35-46f9-a49f-7ab8e8bb55c1/resourceGroups/temp/providers/Microsoft.Network/networkInterfaces/AZ-VM-00-NIC-1",
            "internal_dns_name_label": "",
            "internal_domain_name_suffix": "js3yt4n4idbupl2zs4pj5u0gtb.nx.internal.cloudapp.net",
            "ip_configuration": [
              {
                "gateway_load_balancer_frontend_ip_configuration_id": "",
                "name": "master-ipconfig",
                "primary": true,
                "private_ip_address": "10.0.1.4",
                "private_ip_address_allocation": "Dynamic",
                "private_ip_address_version": "IPv4",
                "public_ip_address_id": "/subscriptions/03989851-cb35-46f9-a49f-7ab8e8bb55c1/resourceGroups/temp/providers/Microsoft.Network/publicIPAddresses/AZ_VM_00-PIP-1",
                "subnet_id": "/subscriptions/03989851-cb35-46f9-a49f-7ab8e8bb55c1/resourceGroups/temp/providers/Microsoft.Network/virtualNetworks/vnet-temp/subnets/internal"
              }
            ],
            "location": "brazilsouth",
            "mac_address": "",
            "name": "AZ-VM-00-NIC-1",
            "private_ip_address": "10.0.1.4",
            "private_ip_addresses": [
              "10.0.1.4"
            ],
            "resource_group_name": "temp",
            "tags": null,
            "timeouts": null,
            "virtual_machine_id": ""
          },
          "sensitive_attributes": [],
          "private": "eyJlMmJmYjczMC1lY2FhLTExZTYtOGY4OC0zNDM2M2JjN2M0YzAiOnsiY3JlYXRlIjoxODAwMDAwMDAwMDAwLCJkZWxldGUiOjE4MDAwMDAwMDAwMDAsInJlYWQiOjMwMDAwMDAwMDAwMCwidXBkYXRlIjoxODAwMDAwMDAwMDAwfX0=",
          "dependencies": [
            "azurerm_public_ip.default",
            "azurerm_resource_group.default",
            "azurerm_subnet.internal",
            "azurerm_virtual_network.default"
          ]
        }
      ]
    },
    {
      "mode": "managed",
      "type": "azurerm_network_interface_security_group_association",
      "name": "default",
      "provider": "provider[\"registry.terraform.io/hashicorp/azurerm\"]",
      "instances": [
        {
          "index_key": 0,
          "schema_version": 0,
          "attributes": {
            "id": "/subscriptions/03989851-cb35-46f9-a49f-7ab8e8bb55c1/resourceGroups/temp/providers/Microsoft.Network/networkInterfaces/AZ-VM-00-NIC-0|/subscriptions/03989851-cb35-46f9-a49f-7ab8e8bb55c1/resourceGroups/temp/providers/Microsoft.Network/networkSecurityGroups/rg-nsg",
            "network_interface_id": "/subscriptions/03989851-cb35-46f9-a49f-7ab8e8bb55c1/resourceGroups/temp/providers/Microsoft.Network/networkInterfaces/AZ-VM-00-NIC-0",
            "network_security_group_id": "/subscriptions/03989851-cb35-46f9-a49f-7ab8e8bb55c1/resourceGroups/temp/providers/Microsoft.Network/networkSecurityGroups/rg-nsg",
            "timeouts": null
          },
          "sensitive_attributes": [],
          "private": "eyJlMmJmYjczMC1lY2FhLTExZTYtOGY4OC0zNDM2M2JjN2M0YzAiOnsiY3JlYXRlIjoxODAwMDAwMDAwMDAwLCJkZWxldGUiOjE4MDAwMDAwMDAwMDAsInJlYWQiOjMwMDAwMDAwMDAwMCwidXBkYXRlIjoxODAwMDAwMDAwMDAwfX0=",
          "dependencies": [
            "azurerm_network_interface.default",
            "azurerm_network_security_group.default",
            "azurerm_public_ip.default",
            "azurerm_resource_group.default",
            "azurerm_subnet.internal",
            "azurerm_virtual_network.default"
          ]
        },
        {
          "index_key": 1,
          "schema_version": 0,
          "attributes": {
            "id": "/subscriptions/03989851-cb35-46f9-a49f-7ab8e8bb55c1/resourceGroups/temp/providers/Microsoft.Network/networkInterfaces/AZ-VM-00-NIC-1|/subscriptions/03989851-cb35-46f9-a49f-7ab8e8bb55c1/resourceGroups/temp/providers/Microsoft.Network/networkSecurityGroups/rg-nsg",
            "network_interface_id": "/subscriptions/03989851-cb35-46f9-a49f-7ab8e8bb55c1/resourceGroups/temp/providers/Microsoft.Network/networkInterfaces/AZ-VM-00-NIC-1",
            "network_security_group_id": "/subscriptions/03989851-cb35-46f9-a49f-7ab8e8bb55c1/resourceGroups/temp/providers/Microsoft.Network/networkSecurityGroups/rg-nsg",
            "timeouts": null
          },
          "sensitive_attributes": [],
          "private": "eyJlMmJmYjczMC1lY2FhLTExZTYtOGY4OC0zNDM2M2JjN2M0YzAiOnsiY3JlYXRlIjoxODAwMDAwMDAwMDAwLCJkZWxldGUiOjE4MDAwMDAwMDAwMDAsInJlYWQiOjMwMDAwMDAwMDAwMCwidXBkYXRlIjoxODAwMDAwMDAwMDAwfX0=",
          "dependencies": [
            "azurerm_network_interface.default",
            "azurerm_network_security_group.default",
            "azurerm_public_ip.default",
            "azurerm_resource_group.default",
            "azurerm_subnet.internal",
            "azurerm_virtual_network.default"
          ]
        }
      ]
    },
    {
      "mode": "managed",
      "type": "azurerm_network_security_group",
      "name": "default",
      "provider": "provider[\"registry.terraform.io/hashicorp/azurerm\"]",
      "instances": [
        {
          "schema_version": 0,
          "attributes": {
            "id": "/subscriptions/03989851-cb35-46f9-a49f-7ab8e8bb55c1/resourceGroups/temp/providers/Microsoft.Network/networkSecurityGroups/rg-nsg",
            "location": "brazilsouth",
            "name": "rg-nsg",
            "resource_group_name": "temp",
            "security_rule": [
              {
                "access": "Allow",
                "description": "",
                "destination_address_prefix": "*",
                "destination_address_prefixes": [],
                "destination_application_security_group_ids": [],
                "destination_port_range": "22",
                "destination_port_ranges": [],
                "direction": "Inbound",
                "name": "SSH",
                "priority": 200,
                "protocol": "Tcp",
                "source_address_prefix": "*",
                "source_address_prefixes": [],
                "source_application_security_group_ids": [],
                "source_port_range": "*",
                "source_port_ranges": []
              }
            ],
            "tags": null,
            "timeouts": null
          },
          "sensitive_attributes": [],
          "private": "eyJlMmJmYjczMC1lY2FhLTExZTYtOGY4OC0zNDM2M2JjN2M0YzAiOnsiY3JlYXRlIjoxODAwMDAwMDAwMDAwLCJkZWxldGUiOjE4MDAwMDAwMDAwMDAsInJlYWQiOjMwMDAwMDAwMDAwMCwidXBkYXRlIjoxODAwMDAwMDAwMDAwfX0=",
          "dependencies": [
            "azurerm_resource_group.default"
          ]
        }
      ]
    },
    {
      "mode": "managed",
      "type": "azurerm_public_ip",
      "name": "default",
      "provider": "provider[\"registry.terraform.io/hashicorp/azurerm\"]",
      "instances": [
        {
          "index_key": 0,
          "schema_version": 0,
          "attributes": {
            "allocation_method": "Static",
            "availability_zone": "No-Zone",
            "domain_name_label": null,
            "fqdn": null,
            "id": "/subscriptions/03989851-cb35-46f9-a49f-7ab8e8bb55c1/resourceGroups/temp/providers/Microsoft.Network/publicIPAddresses/AZ_VM_00-PIP-0",
            "idle_timeout_in_minutes": 4,
            "ip_address": "20.206.68.73",
            "ip_tags": null,
            "ip_version": "IPv4",
            "location": "brazilsouth",
            "name": "AZ_VM_00-PIP-0",
            "public_ip_prefix_id": null,
            "resource_group_name": "temp",
            "reverse_fqdn": null,
            "sku": "Basic",
            "sku_tier": "Regional",
            "tags": null,
            "timeouts": null,
            "zones": []
          },
          "sensitive_attributes": [],
          "private": "eyJlMmJmYjczMC1lY2FhLTExZTYtOGY4OC0zNDM2M2JjN2M0YzAiOnsiY3JlYXRlIjoxODAwMDAwMDAwMDAwLCJkZWxldGUiOjE4MDAwMDAwMDAwMDAsInJlYWQiOjMwMDAwMDAwMDAwMCwidXBkYXRlIjoxODAwMDAwMDAwMDAwfX0=",
          "dependencies": [
            "azurerm_resource_group.default"
          ]
        },
        {
          "index_key": 1,
          "schema_version": 0,
          "attributes": {
            "allocation_method": "Static",
            "availability_zone": "No-Zone",
            "domain_name_label": null,
            "fqdn": null,
            "id": "/subscriptions/03989851-cb35-46f9-a49f-7ab8e8bb55c1/resourceGroups/temp/providers/Microsoft.Network/publicIPAddresses/AZ_VM_00-PIP-1",
            "idle_timeout_in_minutes": 4,
            "ip_address": "20.206.68.36",
            "ip_tags": null,
            "ip_version": "IPv4",
            "location": "brazilsouth",
            "name": "AZ_VM_00-PIP-1",
            "public_ip_prefix_id": null,
            "resource_group_name": "temp",
            "reverse_fqdn": null,
            "sku": "Basic",
            "sku_tier": "Regional",
            "tags": null,
            "timeouts": null,
            "zones": []
          },
          "sensitive_attributes": [],
          "private": "eyJlMmJmYjczMC1lY2FhLTExZTYtOGY4OC0zNDM2M2JjN2M0YzAiOnsiY3JlYXRlIjoxODAwMDAwMDAwMDAwLCJkZWxldGUiOjE4MDAwMDAwMDAwMDAsInJlYWQiOjMwMDAwMDAwMDAwMCwidXBkYXRlIjoxODAwMDAwMDAwMDAwfX0=",
          "dependencies": [
            "azurerm_resource_group.default"
          ]
        }
      ]
    },
    {
      "mode": "managed",
      "type": "azurerm_resource_group",
      "name": "default",
      "provider": "provider[\"registry.terraform.io/hashicorp/azurerm\"]",
      "instances": [
        {
          "schema_version": 0,
          "attributes": {
            "id": "/subscriptions/03989851-cb35-46f9-a49f-7ab8e8bb55c1/resourceGroups/temp",
            "location": "brazilsouth",
            "name": "temp",
            "tags": {
              "environment": "dev",
              "source": "Terraform"
            },
            "timeouts": null
          },
          "sensitive_attributes": [],
          "private": "eyJlMmJmYjczMC1lY2FhLTExZTYtOGY4OC0zNDM2M2JjN2M0YzAiOnsiY3JlYXRlIjo1NDAwMDAwMDAwMDAwLCJkZWxldGUiOjU0MDAwMDAwMDAwMDAsInJlYWQiOjMwMDAwMDAwMDAwMCwidXBkYXRlIjo1NDAwMDAwMDAwMDAwfX0="
        }
      ]
    },
    {
      "mode": "managed",
      "type": "azurerm_subnet",
      "name": "internal",
      "provider": "provider[\"registry.terraform.io/hashicorp/azurerm\"]",
      "instances": [
        {
          "schema_version": 0,
          "attributes": {
            "address_prefix": "10.0.1.0/24",
            "address_prefixes": [
              "10.0.1.0/24"
            ],
            "delegation": [],
            "enforce_private_link_endpoint_network_policies": false,
            "enforce_private_link_service_network_policies": false,
            "id": "/subscriptions/03989851-cb35-46f9-a49f-7ab8e8bb55c1/resourceGroups/temp/providers/Microsoft.Network/virtualNetworks/vnet-temp/subnets/internal",
            "name": "internal",
            "resource_group_name": "temp",
            "service_endpoint_policy_ids": null,
            "service_endpoints": null,
            "timeouts": null,
            "virtual_network_name": "vnet-temp"
          },
          "sensitive_attributes": [],
          "private": "eyJlMmJmYjczMC1lY2FhLTExZTYtOGY4OC0zNDM2M2JjN2M0YzAiOnsiY3JlYXRlIjoxODAwMDAwMDAwMDAwLCJkZWxldGUiOjE4MDAwMDAwMDAwMDAsInJlYWQiOjMwMDAwMDAwMDAwMCwidXBkYXRlIjoxODAwMDAwMDAwMDAwfX0=",
          "dependencies": [
            "azurerm_resource_group.default",
            "azurerm_virtual_network.default"
          ]
        }
      ]
    },
    {
      "mode": "managed",
      "type": "azurerm_virtual_network",
      "name": "default",
      "provider": "provider[\"registry.terraform.io/hashicorp/azurerm\"]",
      "instances": [
        {
          "schema_version": 0,
          "attributes": {
            "address_space": [
              "10.0.0.0/16"
            ],
            "bgp_community": "",
            "ddos_protection_plan": [],
            "dns_servers": [],
            "flow_timeout_in_minutes": 0,
            "guid": "f989bb4c-40be-47c3-af99-979e9fd34699",
            "id": "/subscriptions/03989851-cb35-46f9-a49f-7ab8e8bb55c1/resourceGroups/temp/providers/Microsoft.Network/virtualNetworks/vnet-temp",
            "location": "brazilsouth",
            "name": "vnet-temp",
            "resource_group_name": "temp",
            "subnet": [],
            "tags": null,
            "timeouts": null,
            "vm_protection_enabled": false
          },
          "sensitive_attributes": [],
          "private": "eyJlMmJmYjczMC1lY2FhLTExZTYtOGY4OC0zNDM2M2JjN2M0YzAiOnsiY3JlYXRlIjoxODAwMDAwMDAwMDAwLCJkZWxldGUiOjE4MDAwMDAwMDAwMDAsInJlYWQiOjMwMDAwMDAwMDAwMCwidXBkYXRlIjoxODAwMDAwMDAwMDAwfX0=",
          "dependencies": [
            "azurerm_resource_group.default"
          ]
        }
      ]
    },
    {
      "mode": "managed",
      "type": "local_file",
      "name": "azure_key",
      "provider": "provider[\"registry.terraform.io/hashicorp/local\"]",
      "instances": [
        {
          "schema_version": 0,
          "attributes": {
            "content": "-----BEGIN RSA PRIVATE KEY-----\nMIIJKgIBAAKCAgEAuE/8wDEKoPXwggYXGlMqV7W2L17jyiUc3ECSc8DNr+AjqmRY\nL7gVUVAjhrTG1GrRjGCDSodS49YM2Nv/OOmN0LleC/Z1iB0iL0PO3FjM1UoSWPdM\nriv4WOT15nxJGEr+zEUez3RP3yXFAHy608RL7w9YW88MioSh4p4AxPxnBLdF3LmY\ntc5n6No/zmUMBd7MdeHbQVspB1SKz+cPPrkue0EuyN6SEQ+p4ZCfPKSwN8Fim8z0\nQDxAUcAsIjxM+a7gqJD+eITfkLcgTpBAdBHdqo+yWaMbF9q0fuDzoEhJjIuPqkMl\nr9AsVzV8136oCO8aorh/U4Irr1cluH6g5K4v8SU4eY3nXVx6cCpP+/hmuIOyBcAn\nprnXgr2cIvq84cxrMA+66g89B+9xM2z9jAzRfX0x/p1fW7nfAU5WoUdp5TFlGDEa\nliTbw/hreKpn0E3LgJ8xlzOaikKVaHXPPozdDC8nOL98Ox9Ijwhz0CVezBJ3P2oE\nuR2qvtteCiNQejsLE7AjEbR4/9zMSxhTvB+M3475FHgjFIqb05TkK/OsL3Gzebb4\n+hBdrBcWcZct3xE5IA21yXyWOJYqrNSMmQ1pY7AfsNDMMskr4DmRJVGpEMtPffBc\nO/00kEaT564mqDTBDaNUf2T7LIODj50Zeqxe/JpSVC/CZAy7Gvj9f2QT2hcCAwEA\nAQKCAgEAoU9wOI0zbjiRrFrEMYgEEQu6Ta9Q0gS1Q5dIFgLygjE7Rc/Y1rrX/XiT\n/zuMoTB0AdYeUkYpp7oZOFsi/p56PelehD3KE7zbxF4mV/doHmxbrn2SIQXer36E\nMJsqJhbM9d6w3oQ/u1+FEa4YnWq5wpq9jGyj3z/Bp2L97WmyiBAXFt1g6A2kJ8mL\n+om5ghHDBJENoh+0wvOdIeRqFU1hfwJHfgo98Kyy0/YNR7gjekjIku9H/kg9Ss9U\nUQpRnF0PxrhP3w77095SajAaGPvh83scbxMvjSseucULtIZPyLAEptFp1Hvvssvf\nXYM+ccNCnpO27FGLBkTRgK1jB4Hj9j9bQWyoUczh554BVIMh5OAjWIoBOyQ0Hihf\nItYTUovq0ebKVCPbJLPbsd6DMHGcGIsK11jjbIJNvJbZzhkWYgPMD5ZIKIho+QkE\neiN0Qf9/AxqTlJDjkCQKhkKk44oRkP3xtadD3C+k1DO96fm7o3p36LvxMaw7MQox\n9U6B5ssYDv6kE5UtcJzKpDOYZ9pNa8iOmdCrjsJKV1f9n+Ms08/k7eDgm4uaXvSF\n05hUwFMoTepYVksIaWgJnjKvqXWBmiQmKGSBHsudEUIYpP0volfBrRH5z6ZPILjG\nmr1qTW36LmqkWFnyGu0jqSDIKnHMBJjiGvKtdW9lzIzsq16T7aECggEBAOCWuAJE\nlnVbbQX/7tJ3ImZ25xm9LyQQbOxXz7lfBPkggmEkj4JB8OtKiciJ5bH9T6c/FAux\nSUk1iHTxcCYunTOOu4esv2NyRJtW81PM25dyvJZQQ1ZKnJvw/0QxFN40Z7ZosqVs\nkp3LysM+YzBJKSXwaeaa9SdXNdyW74UsHx0Ni70FjAopg9DpiRo2TfXXlsduGlJX\nATxuRLDY30AmG71VbEXaQlK4K3D43xxgphsZCdMHsQXQ4WK+jYEvP9IGR0tTVPnx\nOik+Dv3UKn6frJYj7pw8q46miRKDDdIs/RkA9K3UuGbqVAJ3XOnvF/oxKpP5v7P5\nzG9RgJ/AxSUbi6kCggEBANIXMnStpbNATjRLrx2R7j6LEgWpWTPAWByQbR5dlUZY\nyG+lc/jlKgisyG24JY1k+S7Lx/+UCVPUIuBiBNCyDQXjfIudtR5LHVM3+vGeh2aa\nT0CmM/fpjAQNz/nbw1Y/MLUcPCIkR9gYerbeMHJprEmIlAetAnw35LLj2WP45X1Y\n4iOJRYhQcMxTAvwRb4sZK5TSR404nSyXivh7M4+cE3yy+GTxNYfUY/AIDx5CnE28\nLYh7OunoxHwUH/weY9usc6Qze6HTaeW5nKSNZbNoXs9Ywmp4lrlz4xZu5tH/9S2o\nkNY1bxM6bg0ixY4NgxlW2Cc4AiQJClCxjw2wDiFxz78CggEAJ7wixCv0XsEVMemN\nDGmNiYlh69jf3UaWrt3+X3KjQ5xv1NYOGeKmyEpAxF05aVtC23k6h7MPH0e8Y8xP\npkG7CGMpZKC4n9SYtM8Wb+4fr9TZ7tI2h67dtG1YDG2Onp2w98HgUYo7CnYC4rZI\nAEQBZrf5VJZ350Tzv5pouCwNOSurXH79vtKHgs++tQeElYlWIOSm/YhtLI7p0kwc\ne5ICeGYDqPwrncz9ypgNiUzENqkgZtjGhhvltH24NXHxnawEsxwEPdBjFObo6hm+\nhvajJ1EmJzhItg1a1Q6gxF23TdQwdgzbr0GoKWOK6cymdlp6iQG33BTHCa7mzdzi\nRGVyOQKCAQEAowmje07C14+g4Q6W8ECufdTZAJHCitnKxygBtl3zmSsPKS1iCZZ1\n/1NvG06bvdXNVtaH97w/XNG02yLWD8sNNjOrFIIn60FpmYpI8TcQZrx7onUYwVx5\n7y905bb5KTZSq0olFG3JX1bn7IATYsbFEC+wiSBnXFTX40fVDbM7DQJsRB2kWzvp\nvXbySwGQ6YZ3/r8NDfgQaWmVTG33vovlx5DwGQ3jd+yIPd9TNC2HNQBC6baQKrQb\nvxqzE6nV3sU+3P+jAxuZA9D+Uej1MrxdT1XXUl8QwQzA/0jDUdbrwyocdE/1Shu/\nCeyhGTM9OO3fQthBOQvW+HZCyOGGpce36wKCAQEAw0SQJE5cHUODFkxJZYcBch4Z\nK/1BGkaoOtxY2X/+PcC3sB7l2OLIp2e/s3PloiWfLrMFDGF5UhvJRUGweZKOAwmM\n6+pJ9fU8lcnS1mUYz6I6l9R5uLo0e5Ze0Vr+/BYOW7hxypC6sTFXRulDFR0bG7qy\nTnE0+L3sgNkmcYzXBXqKCG2nKNwICLv4q9AMBM2LZQ7yqfE6cBYLKspJph7gHZbG\n8rPc1ivehYyVNy39mhjE/thqVSJ5sXIXK7fZRCYz1eSfnxe+lyczq47ig5jc2iwb\n8UluFlwq17FM/oHXKw4dZI1xDSceJp2izRCrpLbvfQlCp7PQ4g6Bvx1B7YXMVQ==\n-----END RSA PRIVATE KEY-----\n",
            "content_base64": null,
            "directory_permission": "0777",
            "file_permission": "0777",
            "filename": "azure_key.pem",
            "id": "f97b3f9236e107642ae7eb1ea45eb631332b0e75",
            "sensitive_content": null,
            "source": null
          },
          "sensitive_attributes": [
            [
              {
                "type": "get_attr",
                "value": "content"
              }
            ]
          ],
          "private": "bnVsbA==",
          "dependencies": [
            "tls_private_key.key"
          ]
        }
      ]
    },
    {
      "mode": "managed",
      "type": "tls_private_key",
      "name": "key",
      "provider": "provider[\"registry.terraform.io/hashicorp/tls\"]",
      "instances": [
        {
          "schema_version": 0,
          "attributes": {
            "algorithm": "RSA",
            "ecdsa_curve": "P224",
            "id": "cc25a0dc41fc3f6b4ab68cfb6076c5cda8292eda",
            "private_key_pem": "-----BEGIN RSA PRIVATE KEY-----\nMIIJKgIBAAKCAgEAuE/8wDEKoPXwggYXGlMqV7W2L17jyiUc3ECSc8DNr+AjqmRY\nL7gVUVAjhrTG1GrRjGCDSodS49YM2Nv/OOmN0LleC/Z1iB0iL0PO3FjM1UoSWPdM\nriv4WOT15nxJGEr+zEUez3RP3yXFAHy608RL7w9YW88MioSh4p4AxPxnBLdF3LmY\ntc5n6No/zmUMBd7MdeHbQVspB1SKz+cPPrkue0EuyN6SEQ+p4ZCfPKSwN8Fim8z0\nQDxAUcAsIjxM+a7gqJD+eITfkLcgTpBAdBHdqo+yWaMbF9q0fuDzoEhJjIuPqkMl\nr9AsVzV8136oCO8aorh/U4Irr1cluH6g5K4v8SU4eY3nXVx6cCpP+/hmuIOyBcAn\nprnXgr2cIvq84cxrMA+66g89B+9xM2z9jAzRfX0x/p1fW7nfAU5WoUdp5TFlGDEa\nliTbw/hreKpn0E3LgJ8xlzOaikKVaHXPPozdDC8nOL98Ox9Ijwhz0CVezBJ3P2oE\nuR2qvtteCiNQejsLE7AjEbR4/9zMSxhTvB+M3475FHgjFIqb05TkK/OsL3Gzebb4\n+hBdrBcWcZct3xE5IA21yXyWOJYqrNSMmQ1pY7AfsNDMMskr4DmRJVGpEMtPffBc\nO/00kEaT564mqDTBDaNUf2T7LIODj50Zeqxe/JpSVC/CZAy7Gvj9f2QT2hcCAwEA\nAQKCAgEAoU9wOI0zbjiRrFrEMYgEEQu6Ta9Q0gS1Q5dIFgLygjE7Rc/Y1rrX/XiT\n/zuMoTB0AdYeUkYpp7oZOFsi/p56PelehD3KE7zbxF4mV/doHmxbrn2SIQXer36E\nMJsqJhbM9d6w3oQ/u1+FEa4YnWq5wpq9jGyj3z/Bp2L97WmyiBAXFt1g6A2kJ8mL\n+om5ghHDBJENoh+0wvOdIeRqFU1hfwJHfgo98Kyy0/YNR7gjekjIku9H/kg9Ss9U\nUQpRnF0PxrhP3w77095SajAaGPvh83scbxMvjSseucULtIZPyLAEptFp1Hvvssvf\nXYM+ccNCnpO27FGLBkTRgK1jB4Hj9j9bQWyoUczh554BVIMh5OAjWIoBOyQ0Hihf\nItYTUovq0ebKVCPbJLPbsd6DMHGcGIsK11jjbIJNvJbZzhkWYgPMD5ZIKIho+QkE\neiN0Qf9/AxqTlJDjkCQKhkKk44oRkP3xtadD3C+k1DO96fm7o3p36LvxMaw7MQox\n9U6B5ssYDv6kE5UtcJzKpDOYZ9pNa8iOmdCrjsJKV1f9n+Ms08/k7eDgm4uaXvSF\n05hUwFMoTepYVksIaWgJnjKvqXWBmiQmKGSBHsudEUIYpP0volfBrRH5z6ZPILjG\nmr1qTW36LmqkWFnyGu0jqSDIKnHMBJjiGvKtdW9lzIzsq16T7aECggEBAOCWuAJE\nlnVbbQX/7tJ3ImZ25xm9LyQQbOxXz7lfBPkggmEkj4JB8OtKiciJ5bH9T6c/FAux\nSUk1iHTxcCYunTOOu4esv2NyRJtW81PM25dyvJZQQ1ZKnJvw/0QxFN40Z7ZosqVs\nkp3LysM+YzBJKSXwaeaa9SdXNdyW74UsHx0Ni70FjAopg9DpiRo2TfXXlsduGlJX\nATxuRLDY30AmG71VbEXaQlK4K3D43xxgphsZCdMHsQXQ4WK+jYEvP9IGR0tTVPnx\nOik+Dv3UKn6frJYj7pw8q46miRKDDdIs/RkA9K3UuGbqVAJ3XOnvF/oxKpP5v7P5\nzG9RgJ/AxSUbi6kCggEBANIXMnStpbNATjRLrx2R7j6LEgWpWTPAWByQbR5dlUZY\nyG+lc/jlKgisyG24JY1k+S7Lx/+UCVPUIuBiBNCyDQXjfIudtR5LHVM3+vGeh2aa\nT0CmM/fpjAQNz/nbw1Y/MLUcPCIkR9gYerbeMHJprEmIlAetAnw35LLj2WP45X1Y\n4iOJRYhQcMxTAvwRb4sZK5TSR404nSyXivh7M4+cE3yy+GTxNYfUY/AIDx5CnE28\nLYh7OunoxHwUH/weY9usc6Qze6HTaeW5nKSNZbNoXs9Ywmp4lrlz4xZu5tH/9S2o\nkNY1bxM6bg0ixY4NgxlW2Cc4AiQJClCxjw2wDiFxz78CggEAJ7wixCv0XsEVMemN\nDGmNiYlh69jf3UaWrt3+X3KjQ5xv1NYOGeKmyEpAxF05aVtC23k6h7MPH0e8Y8xP\npkG7CGMpZKC4n9SYtM8Wb+4fr9TZ7tI2h67dtG1YDG2Onp2w98HgUYo7CnYC4rZI\nAEQBZrf5VJZ350Tzv5pouCwNOSurXH79vtKHgs++tQeElYlWIOSm/YhtLI7p0kwc\ne5ICeGYDqPwrncz9ypgNiUzENqkgZtjGhhvltH24NXHxnawEsxwEPdBjFObo6hm+\nhvajJ1EmJzhItg1a1Q6gxF23TdQwdgzbr0GoKWOK6cymdlp6iQG33BTHCa7mzdzi\nRGVyOQKCAQEAowmje07C14+g4Q6W8ECufdTZAJHCitnKxygBtl3zmSsPKS1iCZZ1\n/1NvG06bvdXNVtaH97w/XNG02yLWD8sNNjOrFIIn60FpmYpI8TcQZrx7onUYwVx5\n7y905bb5KTZSq0olFG3JX1bn7IATYsbFEC+wiSBnXFTX40fVDbM7DQJsRB2kWzvp\nvXbySwGQ6YZ3/r8NDfgQaWmVTG33vovlx5DwGQ3jd+yIPd9TNC2HNQBC6baQKrQb\nvxqzE6nV3sU+3P+jAxuZA9D+Uej1MrxdT1XXUl8QwQzA/0jDUdbrwyocdE/1Shu/\nCeyhGTM9OO3fQthBOQvW+HZCyOGGpce36wKCAQEAw0SQJE5cHUODFkxJZYcBch4Z\nK/1BGkaoOtxY2X/+PcC3sB7l2OLIp2e/s3PloiWfLrMFDGF5UhvJRUGweZKOAwmM\n6+pJ9fU8lcnS1mUYz6I6l9R5uLo0e5Ze0Vr+/BYOW7hxypC6sTFXRulDFR0bG7qy\nTnE0+L3sgNkmcYzXBXqKCG2nKNwICLv4q9AMBM2LZQ7yqfE6cBYLKspJph7gHZbG\n8rPc1ivehYyVNy39mhjE/thqVSJ5sXIXK7fZRCYz1eSfnxe+lyczq47ig5jc2iwb\n8UluFlwq17FM/oHXKw4dZI1xDSceJp2izRCrpLbvfQlCp7PQ4g6Bvx1B7YXMVQ==\n-----END RSA PRIVATE KEY-----\n",
            "public_key_fingerprint_md5": "d3:7e:35:26:eb:3e:07:d3:b6:69:80:09:fa:1f:de:84",
            "public_key_openssh": "ssh-rsa AAAAB3NzaC1yc2EAAAADAQABAAACAQC4T/zAMQqg9fCCBhcaUypXtbYvXuPKJRzcQJJzwM2v4COqZFgvuBVRUCOGtMbUatGMYINKh1Lj1gzY2/846Y3QuV4L9nWIHSIvQ87cWMzVShJY90yuK/hY5PXmfEkYSv7MRR7PdE/fJcUAfLrTxEvvD1hbzwyKhKHingDE/GcEt0XcuZi1zmfo2j/OZQwF3sx14dtBWykHVIrP5w8+uS57QS7I3pIRD6nhkJ88pLA3wWKbzPRAPEBRwCwiPEz5ruCokP54hN+QtyBOkEB0Ed2qj7JZoxsX2rR+4POgSEmMi4+qQyWv0CxXNXzXfqgI7xqiuH9TgiuvVyW4fqDkri/xJTh5jeddXHpwKk/7+Ga4g7IFwCemudeCvZwi+rzhzGswD7rqDz0H73EzbP2MDNF9fTH+nV9bud8BTlahR2nlMWUYMRqWJNvD+Gt4qmfQTcuAnzGXM5qKQpVodc8+jN0MLyc4v3w7H0iPCHPQJV7MEnc/agS5Haq+214KI1B6OwsTsCMRtHj/3MxLGFO8H4zfjvkUeCMUipvTlOQr86wvcbN5tvj6EF2sFxZxly3fETkgDbXJfJY4liqs1IyZDWljsB+w0MwyySvgOZElUakQy0998Fw7/TSQRpPnriaoNMENo1R/ZPssg4OPnRl6rF78mlJUL8JkDLsa+P1/ZBPaFw==\n",
            "public_key_pem": "-----BEGIN PUBLIC KEY-----\nMIICIjANBgkqhkiG9w0BAQEFAAOCAg8AMIICCgKCAgEAuE/8wDEKoPXwggYXGlMq\nV7W2L17jyiUc3ECSc8DNr+AjqmRYL7gVUVAjhrTG1GrRjGCDSodS49YM2Nv/OOmN\n0LleC/Z1iB0iL0PO3FjM1UoSWPdMriv4WOT15nxJGEr+zEUez3RP3yXFAHy608RL\n7w9YW88MioSh4p4AxPxnBLdF3LmYtc5n6No/zmUMBd7MdeHbQVspB1SKz+cPPrku\ne0EuyN6SEQ+p4ZCfPKSwN8Fim8z0QDxAUcAsIjxM+a7gqJD+eITfkLcgTpBAdBHd\nqo+yWaMbF9q0fuDzoEhJjIuPqkMlr9AsVzV8136oCO8aorh/U4Irr1cluH6g5K4v\n8SU4eY3nXVx6cCpP+/hmuIOyBcAnprnXgr2cIvq84cxrMA+66g89B+9xM2z9jAzR\nfX0x/p1fW7nfAU5WoUdp5TFlGDEaliTbw/hreKpn0E3LgJ8xlzOaikKVaHXPPozd\nDC8nOL98Ox9Ijwhz0CVezBJ3P2oEuR2qvtteCiNQejsLE7AjEbR4/9zMSxhTvB+M\n3475FHgjFIqb05TkK/OsL3Gzebb4+hBdrBcWcZct3xE5IA21yXyWOJYqrNSMmQ1p\nY7AfsNDMMskr4DmRJVGpEMtPffBcO/00kEaT564mqDTBDaNUf2T7LIODj50Zeqxe\n/JpSVC/CZAy7Gvj9f2QT2hcCAwEAAQ==\n-----END PUBLIC KEY-----\n",
            "rsa_bits": 4096
          },
          "sensitive_attributes": [],
          "private": "bnVsbA=="
        }
      ]
    }
  ]
}
